// !$*UTF8*$!
{
	archiveVersion = 1;
	classes = {
	};
	objectVersion = 56;
	objects = {

/* Begin PBXBuildFile section */
		042311472BF0340A008851A1 /* MinesweeperFramework.docc in Sources */ = {isa = PBXBuildFile; fileRef = 042311462BF0340A008851A1 /* MinesweeperFramework.docc */; };
		0423114D2BF0340A008851A1 /* MinesweeperFramework.framework in Frameworks */ = {isa = PBXBuildFile; fileRef = 042311432BF0340A008851A1 /* MinesweeperFramework.framework */; };
		042311542BF0340A008851A1 /* MinesweeperFrameworkTests.swift in Sources */ = {isa = PBXBuildFile; fileRef = 042311532BF0340A008851A1 /* MinesweeperFrameworkTests.swift */; };
		042311552BF0340A008851A1 /* MinesweeperFramework.h in Headers */ = {isa = PBXBuildFile; fileRef = 042311452BF0340A008851A1 /* MinesweeperFramework.h */; settings = {ATTRIBUTES = (Public, ); }; };
		042311582BF0340A008851A1 /* MinesweeperFramework.framework in Frameworks */ = {isa = PBXBuildFile; fileRef = 042311432BF0340A008851A1 /* MinesweeperFramework.framework */; };
		042311592BF0340A008851A1 /* MinesweeperFramework.framework in Embed Frameworks */ = {isa = PBXBuildFile; fileRef = 042311432BF0340A008851A1 /* MinesweeperFramework.framework */; settings = {ATTRIBUTES = (CodeSignOnCopy, RemoveHeadersOnCopy, ); }; };
		042311612BF03423008851A1 /* MinesweeperFramework.framework in Frameworks */ = {isa = PBXBuildFile; fileRef = 042311432BF0340A008851A1 /* MinesweeperFramework.framework */; };
		042311622BF03423008851A1 /* MinesweeperFramework.framework in Embed Frameworks */ = {isa = PBXBuildFile; fileRef = 042311432BF0340A008851A1 /* MinesweeperFramework.framework */; settings = {ATTRIBUTES = (CodeSignOnCopy, RemoveHeadersOnCopy, ); }; };
		042311682BF03515008851A1 /* Cell.swift in Sources */ = {isa = PBXBuildFile; fileRef = 0499CE672B82F982005F53A7 /* Cell.swift */; };
		042311692BF03519008851A1 /* Input.swift in Sources */ = {isa = PBXBuildFile; fileRef = 0499CE6D2B84CED8005F53A7 /* Input.swift */; };
		0423116A2BF03521008851A1 /* Level.swift in Sources */ = {isa = PBXBuildFile; fileRef = 0499CEDF2B8A259E005F53A7 /* Level.swift */; };
		0423116B2BF03526008851A1 /* MineField.swift in Sources */ = {isa = PBXBuildFile; fileRef = 0499CE652B82F908005F53A7 /* MineField.swift */; };
		0423116C2BF0352A008851A1 /* Point.swift in Sources */ = {isa = PBXBuildFile; fileRef = 0499CE692B839BA2005F53A7 /* Point.swift */; };
		0423116D2BF0352E008851A1 /* Size.swift in Sources */ = {isa = PBXBuildFile; fileRef = 0499CE6B2B839BE2005F53A7 /* Size.swift */; };
		0423116F2BF03EE0008851A1 /* AppIntents.swift in Sources */ = {isa = PBXBuildFile; fileRef = 04201ED12B9E89DA001FA022 /* AppIntents.swift */; };
		0492AD5A2B8EE9B100A81B2A /* AppState.swift in Sources */ = {isa = PBXBuildFile; fileRef = 0492AD592B8EE9B100A81B2A /* AppState.swift */; };
		0492ADD72B98093F00A81B2A /* WidgetKit.framework in Frameworks */ = {isa = PBXBuildFile; fileRef = 0492ADD62B98093F00A81B2A /* WidgetKit.framework */; };
		0492ADD92B98093F00A81B2A /* SwiftUI.framework in Frameworks */ = {isa = PBXBuildFile; fileRef = 0492ADD82B98093F00A81B2A /* SwiftUI.framework */; };
		0492ADDC2B98093F00A81B2A /* MinesweeperWidgetBundle.swift in Sources */ = {isa = PBXBuildFile; fileRef = 0492ADDB2B98093F00A81B2A /* MinesweeperWidgetBundle.swift */; };
		0492ADDE2B98093F00A81B2A /* MinesweeperWidget.swift in Sources */ = {isa = PBXBuildFile; fileRef = 0492ADDD2B98093F00A81B2A /* MinesweeperWidget.swift */; };
		0492ADE02B98094000A81B2A /* Assets.xcassets in Resources */ = {isa = PBXBuildFile; fileRef = 0492ADDF2B98094000A81B2A /* Assets.xcassets */; };
		0492ADE52B98094000A81B2A /* MinesweeperWidgetExtension.appex in Embed Foundation Extensions */ = {isa = PBXBuildFile; fileRef = 0492ADD42B98093F00A81B2A /* MinesweeperWidgetExtension.appex */; settings = {ATTRIBUTES = (RemoveHeadersOnCopy, ); }; };
		0499CE032B824AE2005F53A7 /* MinesweeperApp.swift in Sources */ = {isa = PBXBuildFile; fileRef = 0499CE022B824AE2005F53A7 /* MinesweeperApp.swift */; };
		0499CE052B824AE2005F53A7 /* ContentView.swift in Sources */ = {isa = PBXBuildFile; fileRef = 0499CE042B824AE2005F53A7 /* ContentView.swift */; };
		0499CE072B824AE3005F53A7 /* Assets.xcassets in Resources */ = {isa = PBXBuildFile; fileRef = 0499CE062B824AE3005F53A7 /* Assets.xcassets */; };
		0499CE0A2B824AE3005F53A7 /* Preview Assets.xcassets in Resources */ = {isa = PBXBuildFile; fileRef = 0499CE092B824AE3005F53A7 /* Preview Assets.xcassets */; };
		0499CE152B824AE3005F53A7 /* MinesweeperTests.swift in Sources */ = {isa = PBXBuildFile; fileRef = 0499CE142B824AE3005F53A7 /* MinesweeperTests.swift */; };
		0499CE1F2B824AE3005F53A7 /* MinesweeperUITests.swift in Sources */ = {isa = PBXBuildFile; fileRef = 0499CE1E2B824AE3005F53A7 /* MinesweeperUITests.swift */; };
		0499CE212B824AE3005F53A7 /* MinesweeperUITestsLaunchTests.swift in Sources */ = {isa = PBXBuildFile; fileRef = 0499CE202B824AE3005F53A7 /* MinesweeperUITestsLaunchTests.swift */; };
/* End PBXBuildFile section */

/* Begin PBXContainerItemProxy section */
		0423114E2BF0340A008851A1 /* PBXContainerItemProxy */ = {
			isa = PBXContainerItemProxy;
			containerPortal = 0499CDF72B824AE2005F53A7 /* Project object */;
			proxyType = 1;
			remoteGlobalIDString = 042311422BF0340A008851A1;
			remoteInfo = MinesweeperFramework;
		};
		042311502BF0340A008851A1 /* PBXContainerItemProxy */ = {
			isa = PBXContainerItemProxy;
			containerPortal = 0499CDF72B824AE2005F53A7 /* Project object */;
			proxyType = 1;
			remoteGlobalIDString = 0499CDFE2B824AE2005F53A7;
			remoteInfo = Minesweeper;
		};
		042311562BF0340A008851A1 /* PBXContainerItemProxy */ = {
			isa = PBXContainerItemProxy;
			containerPortal = 0499CDF72B824AE2005F53A7 /* Project object */;
			proxyType = 1;
			remoteGlobalIDString = 042311422BF0340A008851A1;
			remoteInfo = MinesweeperFramework;
		};
		042311632BF03423008851A1 /* PBXContainerItemProxy */ = {
			isa = PBXContainerItemProxy;
			containerPortal = 0499CDF72B824AE2005F53A7 /* Project object */;
			proxyType = 1;
			remoteGlobalIDString = 042311422BF0340A008851A1;
			remoteInfo = MinesweeperFramework;
		};
		0492ADE32B98094000A81B2A /* PBXContainerItemProxy */ = {
			isa = PBXContainerItemProxy;
			containerPortal = 0499CDF72B824AE2005F53A7 /* Project object */;
			proxyType = 1;
			remoteGlobalIDString = 0492ADD32B98093F00A81B2A;
			remoteInfo = MinesweeperWidgetExtension;
		};
		0499CE112B824AE3005F53A7 /* PBXContainerItemProxy */ = {
			isa = PBXContainerItemProxy;
			containerPortal = 0499CDF72B824AE2005F53A7 /* Project object */;
			proxyType = 1;
			remoteGlobalIDString = 0499CDFE2B824AE2005F53A7;
			remoteInfo = Minesweeper;
		};
		0499CE1B2B824AE3005F53A7 /* PBXContainerItemProxy */ = {
			isa = PBXContainerItemProxy;
			containerPortal = 0499CDF72B824AE2005F53A7 /* Project object */;
			proxyType = 1;
			remoteGlobalIDString = 0499CDFE2B824AE2005F53A7;
			remoteInfo = Minesweeper;
		};
/* End PBXContainerItemProxy section */

/* Begin PBXCopyFilesBuildPhase section */
		04201E7A2B9DEF6E001FA022 /* Embed ExtensionKit Extensions */ = {
			isa = PBXCopyFilesBuildPhase;
			buildActionMask = 2147483647;
			dstPath = "$(EXTENSIONS_FOLDER_PATH)";
			dstSubfolderSpec = 16;
			files = (
			);
			name = "Embed ExtensionKit Extensions";
			runOnlyForDeploymentPostprocessing = 0;
		};
		0423115A2BF0340A008851A1 /* Embed Frameworks */ = {
			isa = PBXCopyFilesBuildPhase;
			buildActionMask = 2147483647;
			dstPath = "";
			dstSubfolderSpec = 10;
			files = (
				042311592BF0340A008851A1 /* MinesweeperFramework.framework in Embed Frameworks */,
			);
			name = "Embed Frameworks";
			runOnlyForDeploymentPostprocessing = 0;
		};
		042311652BF03423008851A1 /* Embed Frameworks */ = {
			isa = PBXCopyFilesBuildPhase;
			buildActionMask = 2147483647;
			dstPath = "";
			dstSubfolderSpec = 10;
			files = (
				042311622BF03423008851A1 /* MinesweeperFramework.framework in Embed Frameworks */,
			);
			name = "Embed Frameworks";
			runOnlyForDeploymentPostprocessing = 0;
		};
		0492ADE62B98094000A81B2A /* Embed Foundation Extensions */ = {
			isa = PBXCopyFilesBuildPhase;
			buildActionMask = 2147483647;
			dstPath = "";
			dstSubfolderSpec = 13;
			files = (
				0492ADE52B98094000A81B2A /* MinesweeperWidgetExtension.appex in Embed Foundation Extensions */,
			);
			name = "Embed Foundation Extensions";
			runOnlyForDeploymentPostprocessing = 0;
		};
/* End PBXCopyFilesBuildPhase section */

/* Begin PBXFileReference section */
		04201ED12B9E89DA001FA022 /* AppIntents.swift */ = {isa = PBXFileReference; lastKnownFileType = sourcecode.swift; path = AppIntents.swift; sourceTree = "<group>"; };
		04201ED72BA08717001FA022 /* Info.plist */ = {isa = PBXFileReference; lastKnownFileType = text.plist; path = Info.plist; sourceTree = "<group>"; };
		042311432BF0340A008851A1 /* MinesweeperFramework.framework */ = {isa = PBXFileReference; explicitFileType = wrapper.framework; includeInIndex = 0; path = MinesweeperFramework.framework; sourceTree = BUILT_PRODUCTS_DIR; };
		042311452BF0340A008851A1 /* MinesweeperFramework.h */ = {isa = PBXFileReference; lastKnownFileType = sourcecode.c.h; path = MinesweeperFramework.h; sourceTree = "<group>"; };
		042311462BF0340A008851A1 /* MinesweeperFramework.docc */ = {isa = PBXFileReference; lastKnownFileType = folder.documentationcatalog; path = MinesweeperFramework.docc; sourceTree = "<group>"; };
		0423114C2BF0340A008851A1 /* MinesweeperFrameworkTests.xctest */ = {isa = PBXFileReference; explicitFileType = wrapper.cfbundle; includeInIndex = 0; path = MinesweeperFrameworkTests.xctest; sourceTree = BUILT_PRODUCTS_DIR; };
		042311532BF0340A008851A1 /* MinesweeperFrameworkTests.swift */ = {isa = PBXFileReference; lastKnownFileType = sourcecode.swift; path = MinesweeperFrameworkTests.swift; sourceTree = "<group>"; };
		0492AD592B8EE9B100A81B2A /* AppState.swift */ = {isa = PBXFileReference; lastKnownFileType = sourcecode.swift; path = AppState.swift; sourceTree = "<group>"; };
		0492ADD42B98093F00A81B2A /* MinesweeperWidgetExtension.appex */ = {isa = PBXFileReference; explicitFileType = "wrapper.app-extension"; includeInIndex = 0; path = MinesweeperWidgetExtension.appex; sourceTree = BUILT_PRODUCTS_DIR; };
		0492ADD62B98093F00A81B2A /* WidgetKit.framework */ = {isa = PBXFileReference; lastKnownFileType = wrapper.framework; name = WidgetKit.framework; path = System/Library/Frameworks/WidgetKit.framework; sourceTree = SDKROOT; };
		0492ADD82B98093F00A81B2A /* SwiftUI.framework */ = {isa = PBXFileReference; lastKnownFileType = wrapper.framework; name = SwiftUI.framework; path = System/Library/Frameworks/SwiftUI.framework; sourceTree = SDKROOT; };
		0492ADDB2B98093F00A81B2A /* MinesweeperWidgetBundle.swift */ = {isa = PBXFileReference; lastKnownFileType = sourcecode.swift; path = MinesweeperWidgetBundle.swift; sourceTree = "<group>"; };
		0492ADDD2B98093F00A81B2A /* MinesweeperWidget.swift */ = {isa = PBXFileReference; lastKnownFileType = sourcecode.swift; path = MinesweeperWidget.swift; sourceTree = "<group>"; };
		0492ADDF2B98094000A81B2A /* Assets.xcassets */ = {isa = PBXFileReference; lastKnownFileType = folder.assetcatalog; path = Assets.xcassets; sourceTree = "<group>"; };
		0492ADE12B98094000A81B2A /* Info.plist */ = {isa = PBXFileReference; lastKnownFileType = text.plist.xml; path = Info.plist; sourceTree = "<group>"; };
		0492ADE22B98094000A81B2A /* MinesweeperWidget.entitlements */ = {isa = PBXFileReference; lastKnownFileType = text.plist.entitlements; path = MinesweeperWidget.entitlements; sourceTree = "<group>"; };
		0499CDFF2B824AE2005F53A7 /* Minesweeper.app */ = {isa = PBXFileReference; explicitFileType = wrapper.application; includeInIndex = 0; path = Minesweeper.app; sourceTree = BUILT_PRODUCTS_DIR; };
		0499CE022B824AE2005F53A7 /* MinesweeperApp.swift */ = {isa = PBXFileReference; lastKnownFileType = sourcecode.swift; path = MinesweeperApp.swift; sourceTree = "<group>"; };
		0499CE042B824AE2005F53A7 /* ContentView.swift */ = {isa = PBXFileReference; lastKnownFileType = sourcecode.swift; path = ContentView.swift; sourceTree = "<group>"; };
		0499CE062B824AE3005F53A7 /* Assets.xcassets */ = {isa = PBXFileReference; lastKnownFileType = folder.assetcatalog; path = Assets.xcassets; sourceTree = "<group>"; };
		0499CE092B824AE3005F53A7 /* Preview Assets.xcassets */ = {isa = PBXFileReference; lastKnownFileType = folder.assetcatalog; path = "Preview Assets.xcassets"; sourceTree = "<group>"; };
		0499CE0B2B824AE3005F53A7 /* Minesweeper.entitlements */ = {isa = PBXFileReference; lastKnownFileType = text.plist.entitlements; path = Minesweeper.entitlements; sourceTree = "<group>"; };
		0499CE102B824AE3005F53A7 /* MinesweeperTests.xctest */ = {isa = PBXFileReference; explicitFileType = wrapper.cfbundle; includeInIndex = 0; path = MinesweeperTests.xctest; sourceTree = BUILT_PRODUCTS_DIR; };
		0499CE142B824AE3005F53A7 /* MinesweeperTests.swift */ = {isa = PBXFileReference; lastKnownFileType = sourcecode.swift; path = MinesweeperTests.swift; sourceTree = "<group>"; };
		0499CE1A2B824AE3005F53A7 /* MinesweeperUITests.xctest */ = {isa = PBXFileReference; explicitFileType = wrapper.cfbundle; includeInIndex = 0; path = MinesweeperUITests.xctest; sourceTree = BUILT_PRODUCTS_DIR; };
		0499CE1E2B824AE3005F53A7 /* MinesweeperUITests.swift */ = {isa = PBXFileReference; lastKnownFileType = sourcecode.swift; path = MinesweeperUITests.swift; sourceTree = "<group>"; };
		0499CE202B824AE3005F53A7 /* MinesweeperUITestsLaunchTests.swift */ = {isa = PBXFileReference; lastKnownFileType = sourcecode.swift; path = MinesweeperUITestsLaunchTests.swift; sourceTree = "<group>"; };
		0499CE652B82F908005F53A7 /* MineField.swift */ = {isa = PBXFileReference; lastKnownFileType = sourcecode.swift; path = MineField.swift; sourceTree = "<group>"; };
		0499CE672B82F982005F53A7 /* Cell.swift */ = {isa = PBXFileReference; lastKnownFileType = sourcecode.swift; path = Cell.swift; sourceTree = "<group>"; };
		0499CE692B839BA2005F53A7 /* Point.swift */ = {isa = PBXFileReference; lastKnownFileType = sourcecode.swift; path = Point.swift; sourceTree = "<group>"; };
		0499CE6B2B839BE2005F53A7 /* Size.swift */ = {isa = PBXFileReference; lastKnownFileType = sourcecode.swift; path = Size.swift; sourceTree = "<group>"; };
		0499CE6D2B84CED8005F53A7 /* Input.swift */ = {isa = PBXFileReference; lastKnownFileType = sourcecode.swift; path = Input.swift; sourceTree = "<group>"; };
		0499CEDF2B8A259E005F53A7 /* Level.swift */ = {isa = PBXFileReference; lastKnownFileType = sourcecode.swift; path = Level.swift; sourceTree = "<group>"; };
/* End PBXFileReference section */

/* Begin PBXFrameworksBuildPhase section */
		042311402BF0340A008851A1 /* Frameworks */ = {
			isa = PBXFrameworksBuildPhase;
			buildActionMask = 2147483647;
			files = (
			);
			runOnlyForDeploymentPostprocessing = 0;
		};
		042311492BF0340A008851A1 /* Frameworks */ = {
			isa = PBXFrameworksBuildPhase;
			buildActionMask = 2147483647;
			files = (
				0423114D2BF0340A008851A1 /* MinesweeperFramework.framework in Frameworks */,
			);
			runOnlyForDeploymentPostprocessing = 0;
		};
		0492ADD12B98093F00A81B2A /* Frameworks */ = {
			isa = PBXFrameworksBuildPhase;
			buildActionMask = 2147483647;
			files = (
				042311612BF03423008851A1 /* MinesweeperFramework.framework in Frameworks */,
				0492ADD92B98093F00A81B2A /* SwiftUI.framework in Frameworks */,
				0492ADD72B98093F00A81B2A /* WidgetKit.framework in Frameworks */,
			);
			runOnlyForDeploymentPostprocessing = 0;
		};
		0499CDFC2B824AE2005F53A7 /* Frameworks */ = {
			isa = PBXFrameworksBuildPhase;
			buildActionMask = 2147483647;
			files = (
				042311582BF0340A008851A1 /* MinesweeperFramework.framework in Frameworks */,
			);
			runOnlyForDeploymentPostprocessing = 0;
		};
		0499CE0D2B824AE3005F53A7 /* Frameworks */ = {
			isa = PBXFrameworksBuildPhase;
			buildActionMask = 2147483647;
			files = (
			);
			runOnlyForDeploymentPostprocessing = 0;
		};
		0499CE172B824AE3005F53A7 /* Frameworks */ = {
			isa = PBXFrameworksBuildPhase;
			buildActionMask = 2147483647;
			files = (
			);
			runOnlyForDeploymentPostprocessing = 0;
		};
/* End PBXFrameworksBuildPhase section */

/* Begin PBXGroup section */
		042311442BF0340A008851A1 /* MinesweeperFramework */ = {
			isa = PBXGroup;
			children = (
				0499CE642B82EA86005F53A7 /* Model */,
				042311452BF0340A008851A1 /* MinesweeperFramework.h */,
				042311462BF0340A008851A1 /* MinesweeperFramework.docc */,
			);
			path = MinesweeperFramework;
			sourceTree = "<group>";
		};
		042311522BF0340A008851A1 /* MinesweeperFrameworkTests */ = {
			isa = PBXGroup;
			children = (
				042311532BF0340A008851A1 /* MinesweeperFrameworkTests.swift */,
			);
			path = MinesweeperFrameworkTests;
			sourceTree = "<group>";
		};
		0492ADD52B98093F00A81B2A /* Frameworks */ = {
			isa = PBXGroup;
			children = (
				0492ADD62B98093F00A81B2A /* WidgetKit.framework */,
				0492ADD82B98093F00A81B2A /* SwiftUI.framework */,
			);
			name = Frameworks;
			sourceTree = "<group>";
		};
		0492ADDA2B98093F00A81B2A /* MinesweeperWidget */ = {
			isa = PBXGroup;
			children = (
				0492ADE22B98094000A81B2A /* MinesweeperWidget.entitlements */,
				0492ADE12B98094000A81B2A /* Info.plist */,
				04201ED12B9E89DA001FA022 /* AppIntents.swift */,
				0492ADDD2B98093F00A81B2A /* MinesweeperWidget.swift */,
				0492ADDB2B98093F00A81B2A /* MinesweeperWidgetBundle.swift */,
				0492ADDF2B98094000A81B2A /* Assets.xcassets */,
			);
			path = MinesweeperWidget;
			sourceTree = "<group>";
		};
		0499CDF62B824AE2005F53A7 = {
			isa = PBXGroup;
			children = (
				0499CE012B824AE2005F53A7 /* Minesweeper */,
				0499CE132B824AE3005F53A7 /* MinesweeperTests */,
				0499CE1D2B824AE3005F53A7 /* MinesweeperUITests */,
				0492ADDA2B98093F00A81B2A /* MinesweeperWidget */,
				042311442BF0340A008851A1 /* MinesweeperFramework */,
				042311522BF0340A008851A1 /* MinesweeperFrameworkTests */,
				0492ADD52B98093F00A81B2A /* Frameworks */,
				0499CE002B824AE2005F53A7 /* Products */,
			);
			sourceTree = "<group>";
		};
		0499CE002B824AE2005F53A7 /* Products */ = {
			isa = PBXGroup;
			children = (
				0499CDFF2B824AE2005F53A7 /* Minesweeper.app */,
				0499CE102B824AE3005F53A7 /* MinesweeperTests.xctest */,
				0499CE1A2B824AE3005F53A7 /* MinesweeperUITests.xctest */,
				0492ADD42B98093F00A81B2A /* MinesweeperWidgetExtension.appex */,
				042311432BF0340A008851A1 /* MinesweeperFramework.framework */,
				0423114C2BF0340A008851A1 /* MinesweeperFrameworkTests.xctest */,
			);
			name = Products;
			sourceTree = "<group>";
		};
		0499CE012B824AE2005F53A7 /* Minesweeper */ = {
			isa = PBXGroup;
			children = (
				04201ED72BA08717001FA022 /* Info.plist */,
				0499CE0B2B824AE3005F53A7 /* Minesweeper.entitlements */,
				0492AD592B8EE9B100A81B2A /* AppState.swift */,
				0499CE042B824AE2005F53A7 /* ContentView.swift */,
				0499CE022B824AE2005F53A7 /* MinesweeperApp.swift */,
				0499CE062B824AE3005F53A7 /* Assets.xcassets */,
				0499CE082B824AE3005F53A7 /* Preview Content */,
			);
			path = Minesweeper;
			sourceTree = "<group>";
		};
		0499CE082B824AE3005F53A7 /* Preview Content */ = {
			isa = PBXGroup;
			children = (
				0499CE092B824AE3005F53A7 /* Preview Assets.xcassets */,
			);
			path = "Preview Content";
			sourceTree = "<group>";
		};
		0499CE132B824AE3005F53A7 /* MinesweeperTests */ = {
			isa = PBXGroup;
			children = (
				0499CE142B824AE3005F53A7 /* MinesweeperTests.swift */,
			);
			path = MinesweeperTests;
			sourceTree = "<group>";
		};
		0499CE1D2B824AE3005F53A7 /* MinesweeperUITests */ = {
			isa = PBXGroup;
			children = (
				0499CE1E2B824AE3005F53A7 /* MinesweeperUITests.swift */,
				0499CE202B824AE3005F53A7 /* MinesweeperUITestsLaunchTests.swift */,
			);
			path = MinesweeperUITests;
			sourceTree = "<group>";
		};
		0499CE642B82EA86005F53A7 /* Model */ = {
			isa = PBXGroup;
			children = (
				0499CE672B82F982005F53A7 /* Cell.swift */,
				0499CE6D2B84CED8005F53A7 /* Input.swift */,
				0499CEDF2B8A259E005F53A7 /* Level.swift */,
				0499CE652B82F908005F53A7 /* MineField.swift */,
				0499CE692B839BA2005F53A7 /* Point.swift */,
				0499CE6B2B839BE2005F53A7 /* Size.swift */,
			);
			path = Model;
			sourceTree = "<group>";
		};
/* End PBXGroup section */

/* Begin PBXHeadersBuildPhase section */
		0423113E2BF0340A008851A1 /* Headers */ = {
			isa = PBXHeadersBuildPhase;
			buildActionMask = 2147483647;
			files = (
				042311552BF0340A008851A1 /* MinesweeperFramework.h in Headers */,
			);
			runOnlyForDeploymentPostprocessing = 0;
		};
/* End PBXHeadersBuildPhase section */

/* Begin PBXNativeTarget section */
		042311422BF0340A008851A1 /* MinesweeperFramework */ = {
			isa = PBXNativeTarget;
			buildConfigurationList = 0423115F2BF0340A008851A1 /* Build configuration list for PBXNativeTarget "MinesweeperFramework" */;
			buildPhases = (
				0423113E2BF0340A008851A1 /* Headers */,
				0423113F2BF0340A008851A1 /* Sources */,
				042311402BF0340A008851A1 /* Frameworks */,
				042311412BF0340A008851A1 /* Resources */,
			);
			buildRules = (
			);
			dependencies = (
			);
			name = MinesweeperFramework;
			productName = MinesweeperFramework;
			productReference = 042311432BF0340A008851A1 /* MinesweeperFramework.framework */;
			productType = "com.apple.product-type.framework";
		};
		0423114B2BF0340A008851A1 /* MinesweeperFrameworkTests */ = {
			isa = PBXNativeTarget;
			buildConfigurationList = 042311602BF0340A008851A1 /* Build configuration list for PBXNativeTarget "MinesweeperFrameworkTests" */;
			buildPhases = (
				042311482BF0340A008851A1 /* Sources */,
				042311492BF0340A008851A1 /* Frameworks */,
				0423114A2BF0340A008851A1 /* Resources */,
			);
			buildRules = (
			);
			dependencies = (
				0423114F2BF0340A008851A1 /* PBXTargetDependency */,
				042311512BF0340A008851A1 /* PBXTargetDependency */,
			);
			name = MinesweeperFrameworkTests;
			productName = MinesweeperFrameworkTests;
			productReference = 0423114C2BF0340A008851A1 /* MinesweeperFrameworkTests.xctest */;
			productType = "com.apple.product-type.bundle.unit-test";
		};
		0492ADD32B98093F00A81B2A /* MinesweeperWidgetExtension */ = {
			isa = PBXNativeTarget;
			buildConfigurationList = 0492ADE92B98094000A81B2A /* Build configuration list for PBXNativeTarget "MinesweeperWidgetExtension" */;
			buildPhases = (
				0492ADD02B98093F00A81B2A /* Sources */,
				0492ADD12B98093F00A81B2A /* Frameworks */,
				0492ADD22B98093F00A81B2A /* Resources */,
				042311652BF03423008851A1 /* Embed Frameworks */,
			);
			buildRules = (
			);
			dependencies = (
				042311642BF03423008851A1 /* PBXTargetDependency */,
			);
			name = MinesweeperWidgetExtension;
			productName = MinesweeperWidgetExtension;
			productReference = 0492ADD42B98093F00A81B2A /* MinesweeperWidgetExtension.appex */;
			productType = "com.apple.product-type.app-extension";
		};
		0499CDFE2B824AE2005F53A7 /* Minesweeper */ = {
			isa = PBXNativeTarget;
			buildConfigurationList = 0499CE242B824AE3005F53A7 /* Build configuration list for PBXNativeTarget "Minesweeper" */;
			buildPhases = (
				0499CDFB2B824AE2005F53A7 /* Sources */,
				0499CDFC2B824AE2005F53A7 /* Frameworks */,
				0499CDFD2B824AE2005F53A7 /* Resources */,
				0492ADE62B98094000A81B2A /* Embed Foundation Extensions */,
				04201E7A2B9DEF6E001FA022 /* Embed ExtensionKit Extensions */,
				0423115A2BF0340A008851A1 /* Embed Frameworks */,
			);
			buildRules = (
			);
			dependencies = (
				0492ADE42B98094000A81B2A /* PBXTargetDependency */,
				042311572BF0340A008851A1 /* PBXTargetDependency */,
			);
			name = Minesweeper;
			productName = Minesweeper;
			productReference = 0499CDFF2B824AE2005F53A7 /* Minesweeper.app */;
			productType = "com.apple.product-type.application";
		};
		0499CE0F2B824AE3005F53A7 /* MinesweeperTests */ = {
			isa = PBXNativeTarget;
			buildConfigurationList = 0499CE272B824AE3005F53A7 /* Build configuration list for PBXNativeTarget "MinesweeperTests" */;
			buildPhases = (
				0499CE0C2B824AE3005F53A7 /* Sources */,
				0499CE0D2B824AE3005F53A7 /* Frameworks */,
				0499CE0E2B824AE3005F53A7 /* Resources */,
			);
			buildRules = (
			);
			dependencies = (
				0499CE122B824AE3005F53A7 /* PBXTargetDependency */,
			);
			name = MinesweeperTests;
			productName = MinesweeperTests;
			productReference = 0499CE102B824AE3005F53A7 /* MinesweeperTests.xctest */;
			productType = "com.apple.product-type.bundle.unit-test";
		};
		0499CE192B824AE3005F53A7 /* MinesweeperUITests */ = {
			isa = PBXNativeTarget;
			buildConfigurationList = 0499CE2A2B824AE3005F53A7 /* Build configuration list for PBXNativeTarget "MinesweeperUITests" */;
			buildPhases = (
				0499CE162B824AE3005F53A7 /* Sources */,
				0499CE172B824AE3005F53A7 /* Frameworks */,
				0499CE182B824AE3005F53A7 /* Resources */,
			);
			buildRules = (
			);
			dependencies = (
				0499CE1C2B824AE3005F53A7 /* PBXTargetDependency */,
			);
			name = MinesweeperUITests;
			productName = MinesweeperUITests;
			productReference = 0499CE1A2B824AE3005F53A7 /* MinesweeperUITests.xctest */;
			productType = "com.apple.product-type.bundle.ui-testing";
		};
/* End PBXNativeTarget section */

/* Begin PBXProject section */
		0499CDF72B824AE2005F53A7 /* Project object */ = {
			isa = PBXProject;
			attributes = {
				BuildIndependentTargetsInParallel = 1;
				LastSwiftUpdateCheck = 1530;
				LastUpgradeCheck = 1530;
				TargetAttributes = {
					042311422BF0340A008851A1 = {
						CreatedOnToolsVersion = 15.3;
					};
					0423114B2BF0340A008851A1 = {
						CreatedOnToolsVersion = 15.3;
						TestTargetID = 0499CDFE2B824AE2005F53A7;
					};
					0492ADD32B98093F00A81B2A = {
						CreatedOnToolsVersion = 15.2;
					};
					0499CDFE2B824AE2005F53A7 = {
						CreatedOnToolsVersion = 15.2;
					};
					0499CE0F2B824AE3005F53A7 = {
						CreatedOnToolsVersion = 15.2;
						TestTargetID = 0499CDFE2B824AE2005F53A7;
					};
					0499CE192B824AE3005F53A7 = {
						CreatedOnToolsVersion = 15.2;
						TestTargetID = 0499CDFE2B824AE2005F53A7;
					};
				};
			};
			buildConfigurationList = 0499CDFA2B824AE2005F53A7 /* Build configuration list for PBXProject "Minesweeper" */;
			compatibilityVersion = "Xcode 14.0";
			developmentRegion = en;
			hasScannedForEncodings = 0;
			knownRegions = (
				en,
				Base,
			);
			mainGroup = 0499CDF62B824AE2005F53A7;
			productRefGroup = 0499CE002B824AE2005F53A7 /* Products */;
			projectDirPath = "";
			projectRoot = "";
			targets = (
				0499CDFE2B824AE2005F53A7 /* Minesweeper */,
				0499CE0F2B824AE3005F53A7 /* MinesweeperTests */,
				0499CE192B824AE3005F53A7 /* MinesweeperUITests */,
				0492ADD32B98093F00A81B2A /* MinesweeperWidgetExtension */,
				042311422BF0340A008851A1 /* MinesweeperFramework */,
				0423114B2BF0340A008851A1 /* MinesweeperFrameworkTests */,
			);
		};
/* End PBXProject section */

/* Begin PBXResourcesBuildPhase section */
		042311412BF0340A008851A1 /* Resources */ = {
			isa = PBXResourcesBuildPhase;
			buildActionMask = 2147483647;
			files = (
			);
			runOnlyForDeploymentPostprocessing = 0;
		};
		0423114A2BF0340A008851A1 /* Resources */ = {
			isa = PBXResourcesBuildPhase;
			buildActionMask = 2147483647;
			files = (
			);
			runOnlyForDeploymentPostprocessing = 0;
		};
		0492ADD22B98093F00A81B2A /* Resources */ = {
			isa = PBXResourcesBuildPhase;
			buildActionMask = 2147483647;
			files = (
				0492ADE02B98094000A81B2A /* Assets.xcassets in Resources */,
			);
			runOnlyForDeploymentPostprocessing = 0;
		};
		0499CDFD2B824AE2005F53A7 /* Resources */ = {
			isa = PBXResourcesBuildPhase;
			buildActionMask = 2147483647;
			files = (
				0499CE0A2B824AE3005F53A7 /* Preview Assets.xcassets in Resources */,
				0499CE072B824AE3005F53A7 /* Assets.xcassets in Resources */,
			);
			runOnlyForDeploymentPostprocessing = 0;
		};
		0499CE0E2B824AE3005F53A7 /* Resources */ = {
			isa = PBXResourcesBuildPhase;
			buildActionMask = 2147483647;
			files = (
			);
			runOnlyForDeploymentPostprocessing = 0;
		};
		0499CE182B824AE3005F53A7 /* Resources */ = {
			isa = PBXResourcesBuildPhase;
			buildActionMask = 2147483647;
			files = (
			);
			runOnlyForDeploymentPostprocessing = 0;
		};
/* End PBXResourcesBuildPhase section */

/* Begin PBXSourcesBuildPhase section */
		0423113F2BF0340A008851A1 /* Sources */ = {
			isa = PBXSourcesBuildPhase;
			buildActionMask = 2147483647;
			files = (
				042311692BF03519008851A1 /* Input.swift in Sources */,
				0423116D2BF0352E008851A1 /* Size.swift in Sources */,
				0423116B2BF03526008851A1 /* MineField.swift in Sources */,
				0423116C2BF0352A008851A1 /* Point.swift in Sources */,
				042311472BF0340A008851A1 /* MinesweeperFramework.docc in Sources */,
				0423116A2BF03521008851A1 /* Level.swift in Sources */,
				042311682BF03515008851A1 /* Cell.swift in Sources */,
			);
			runOnlyForDeploymentPostprocessing = 0;
		};
		042311482BF0340A008851A1 /* Sources */ = {
			isa = PBXSourcesBuildPhase;
			buildActionMask = 2147483647;
			files = (
				042311542BF0340A008851A1 /* MinesweeperFrameworkTests.swift in Sources */,
			);
			runOnlyForDeploymentPostprocessing = 0;
		};
		0492ADD02B98093F00A81B2A /* Sources */ = {
			isa = PBXSourcesBuildPhase;
			buildActionMask = 2147483647;
			files = (
				0492ADDE2B98093F00A81B2A /* MinesweeperWidget.swift in Sources */,
				0492ADDC2B98093F00A81B2A /* MinesweeperWidgetBundle.swift in Sources */,
				0423116F2BF03EE0008851A1 /* AppIntents.swift in Sources */,
			);
			runOnlyForDeploymentPostprocessing = 0;
		};
		0499CDFB2B824AE2005F53A7 /* Sources */ = {
			isa = PBXSourcesBuildPhase;
			buildActionMask = 2147483647;
			files = (
				0499CE052B824AE2005F53A7 /* ContentView.swift in Sources */,
				0492AD5A2B8EE9B100A81B2A /* AppState.swift in Sources */,
				0499CE032B824AE2005F53A7 /* MinesweeperApp.swift in Sources */,
			);
			runOnlyForDeploymentPostprocessing = 0;
		};
		0499CE0C2B824AE3005F53A7 /* Sources */ = {
			isa = PBXSourcesBuildPhase;
			buildActionMask = 2147483647;
			files = (
				0499CE152B824AE3005F53A7 /* MinesweeperTests.swift in Sources */,
			);
			runOnlyForDeploymentPostprocessing = 0;
		};
		0499CE162B824AE3005F53A7 /* Sources */ = {
			isa = PBXSourcesBuildPhase;
			buildActionMask = 2147483647;
			files = (
				0499CE1F2B824AE3005F53A7 /* MinesweeperUITests.swift in Sources */,
				0499CE212B824AE3005F53A7 /* MinesweeperUITestsLaunchTests.swift in Sources */,
			);
			runOnlyForDeploymentPostprocessing = 0;
		};
/* End PBXSourcesBuildPhase section */

/* Begin PBXTargetDependency section */
		0423114F2BF0340A008851A1 /* PBXTargetDependency */ = {
			isa = PBXTargetDependency;
			target = 042311422BF0340A008851A1 /* MinesweeperFramework */;
			targetProxy = 0423114E2BF0340A008851A1 /* PBXContainerItemProxy */;
		};
		042311512BF0340A008851A1 /* PBXTargetDependency */ = {
			isa = PBXTargetDependency;
			target = 0499CDFE2B824AE2005F53A7 /* Minesweeper */;
			targetProxy = 042311502BF0340A008851A1 /* PBXContainerItemProxy */;
		};
		042311572BF0340A008851A1 /* PBXTargetDependency */ = {
			isa = PBXTargetDependency;
			target = 042311422BF0340A008851A1 /* MinesweeperFramework */;
			targetProxy = 042311562BF0340A008851A1 /* PBXContainerItemProxy */;
		};
		042311642BF03423008851A1 /* PBXTargetDependency */ = {
			isa = PBXTargetDependency;
			target = 042311422BF0340A008851A1 /* MinesweeperFramework */;
			targetProxy = 042311632BF03423008851A1 /* PBXContainerItemProxy */;
		};
		0492ADE42B98094000A81B2A /* PBXTargetDependency */ = {
			isa = PBXTargetDependency;
			target = 0492ADD32B98093F00A81B2A /* MinesweeperWidgetExtension */;
			targetProxy = 0492ADE32B98094000A81B2A /* PBXContainerItemProxy */;
		};
		0499CE122B824AE3005F53A7 /* PBXTargetDependency */ = {
			isa = PBXTargetDependency;
			target = 0499CDFE2B824AE2005F53A7 /* Minesweeper */;
			targetProxy = 0499CE112B824AE3005F53A7 /* PBXContainerItemProxy */;
		};
		0499CE1C2B824AE3005F53A7 /* PBXTargetDependency */ = {
			isa = PBXTargetDependency;
			target = 0499CDFE2B824AE2005F53A7 /* Minesweeper */;
			targetProxy = 0499CE1B2B824AE3005F53A7 /* PBXContainerItemProxy */;
		};
/* End PBXTargetDependency section */

/* Begin XCBuildConfiguration section */
		0423115B2BF0340A008851A1 /* Debug */ = {
			isa = XCBuildConfiguration;
			buildSettings = {
				BUILD_LIBRARY_FOR_DISTRIBUTION = YES;
				CODE_SIGN_STYLE = Automatic;
				COMBINE_HIDPI_IMAGES = YES;
				CURRENT_PROJECT_VERSION = 1;
				DEFINES_MODULE = YES;
				DYLIB_COMPATIBILITY_VERSION = 1;
				DYLIB_CURRENT_VERSION = 1;
				DYLIB_INSTALL_NAME_BASE = "@rpath";
				ENABLE_MODULE_VERIFIER = YES;
				GENERATE_INFOPLIST_FILE = YES;
				INFOPLIST_KEY_NSHumanReadableCopyright = "";
				INSTALL_PATH = "$(LOCAL_LIBRARY_DIR)/Frameworks";
				LD_RUNPATH_SEARCH_PATHS = (
					"$(inherited)",
					"@executable_path/../Frameworks",
					"@loader_path/Frameworks",
				);
				MACOSX_DEPLOYMENT_TARGET = 14.4;
				MARKETING_VERSION = 1.0;
				MODULE_VERIFIER_SUPPORTED_LANGUAGES = "objective-c objective-c++";
				MODULE_VERIFIER_SUPPORTED_LANGUAGE_STANDARDS = "gnu17 gnu++20";
				PRODUCT_BUNDLE_IDENTIFIER = com.jackleow.MinesweeperFramework;
				PRODUCT_NAME = "$(TARGET_NAME:c99extidentifier)";
				SKIP_INSTALL = YES;
				SWIFT_EMIT_LOC_STRINGS = YES;
				SWIFT_INSTALL_OBJC_HEADER = NO;
				SWIFT_VERSION = 5.0;
				VERSIONING_SYSTEM = "apple-generic";
				VERSION_INFO_PREFIX = "";
			};
			name = Debug;
		};
		0423115C2BF0340A008851A1 /* Release */ = {
			isa = XCBuildConfiguration;
			buildSettings = {
				BUILD_LIBRARY_FOR_DISTRIBUTION = YES;
				CODE_SIGN_STYLE = Automatic;
				COMBINE_HIDPI_IMAGES = YES;
				CURRENT_PROJECT_VERSION = 1;
				DEFINES_MODULE = YES;
				DYLIB_COMPATIBILITY_VERSION = 1;
				DYLIB_CURRENT_VERSION = 1;
				DYLIB_INSTALL_NAME_BASE = "@rpath";
				ENABLE_MODULE_VERIFIER = YES;
				GENERATE_INFOPLIST_FILE = YES;
				INFOPLIST_KEY_NSHumanReadableCopyright = "";
				INSTALL_PATH = "$(LOCAL_LIBRARY_DIR)/Frameworks";
				LD_RUNPATH_SEARCH_PATHS = (
					"$(inherited)",
					"@executable_path/../Frameworks",
					"@loader_path/Frameworks",
				);
				MACOSX_DEPLOYMENT_TARGET = 14.4;
				MARKETING_VERSION = 1.0;
				MODULE_VERIFIER_SUPPORTED_LANGUAGES = "objective-c objective-c++";
				MODULE_VERIFIER_SUPPORTED_LANGUAGE_STANDARDS = "gnu17 gnu++20";
				PRODUCT_BUNDLE_IDENTIFIER = com.jackleow.MinesweeperFramework;
				PRODUCT_NAME = "$(TARGET_NAME:c99extidentifier)";
				SKIP_INSTALL = YES;
				SWIFT_EMIT_LOC_STRINGS = YES;
				SWIFT_INSTALL_OBJC_HEADER = NO;
				SWIFT_VERSION = 5.0;
				VERSIONING_SYSTEM = "apple-generic";
				VERSION_INFO_PREFIX = "";
			};
			name = Release;
		};
		0423115D2BF0340A008851A1 /* Debug */ = {
			isa = XCBuildConfiguration;
			buildSettings = {
				ALWAYS_EMBED_SWIFT_STANDARD_LIBRARIES = YES;
				CODE_SIGN_STYLE = Automatic;
				CURRENT_PROJECT_VERSION = 1;
				GENERATE_INFOPLIST_FILE = YES;
				MACOSX_DEPLOYMENT_TARGET = 14.4;
				MARKETING_VERSION = 1.0;
				PRODUCT_BUNDLE_IDENTIFIER = com.jackleow.MinesweeperFrameworkTests;
				PRODUCT_NAME = "$(TARGET_NAME)";
				SWIFT_EMIT_LOC_STRINGS = NO;
				SWIFT_VERSION = 5.0;
				TEST_HOST = "$(BUILT_PRODUCTS_DIR)/Minesweeper.app/$(BUNDLE_EXECUTABLE_FOLDER_PATH)/Minesweeper";
			};
			name = Debug;
		};
		0423115E2BF0340A008851A1 /* Release */ = {
			isa = XCBuildConfiguration;
			buildSettings = {
				ALWAYS_EMBED_SWIFT_STANDARD_LIBRARIES = YES;
				CODE_SIGN_STYLE = Automatic;
				CURRENT_PROJECT_VERSION = 1;
				GENERATE_INFOPLIST_FILE = YES;
				MACOSX_DEPLOYMENT_TARGET = 14.4;
				MARKETING_VERSION = 1.0;
				PRODUCT_BUNDLE_IDENTIFIER = com.jackleow.MinesweeperFrameworkTests;
				PRODUCT_NAME = "$(TARGET_NAME)";
				SWIFT_EMIT_LOC_STRINGS = NO;
				SWIFT_VERSION = 5.0;
				TEST_HOST = "$(BUILT_PRODUCTS_DIR)/Minesweeper.app/$(BUNDLE_EXECUTABLE_FOLDER_PATH)/Minesweeper";
			};
			name = Release;
		};
		0492ADE72B98094000A81B2A /* Debug */ = {
			isa = XCBuildConfiguration;
			buildSettings = {
				ASSETCATALOG_COMPILER_GLOBAL_ACCENT_COLOR_NAME = AccentColor;
				ASSETCATALOG_COMPILER_WIDGET_BACKGROUND_COLOR_NAME = WidgetBackground;
				CODE_SIGN_ENTITLEMENTS = MinesweeperWidget/MinesweeperWidget.entitlements;
				CODE_SIGN_STYLE = Automatic;
				CURRENT_PROJECT_VERSION = 1;
				DEAD_CODE_STRIPPING = YES;
				GENERATE_INFOPLIST_FILE = YES;
				INFOPLIST_FILE = MinesweeperWidget/Info.plist;
				INFOPLIST_KEY_CFBundleDisplayName = MinesweeperWidget;
				INFOPLIST_KEY_NSHumanReadableCopyright = "";
				LD_RUNPATH_SEARCH_PATHS = (
					"$(inherited)",
					"@executable_path/../Frameworks",
					"@executable_path/../../../../Frameworks",
				);
				MARKETING_VERSION = 1.0;
				PRODUCT_BUNDLE_IDENTIFIER = com.jackleow.Minesweeper.MinesweeperWidget;
				PRODUCT_NAME = "$(TARGET_NAME)";
				SKIP_INSTALL = YES;
				SWIFT_EMIT_LOC_STRINGS = YES;
				SWIFT_VERSION = 5.0;
			};
			name = Debug;
		};
		0492ADE82B98094000A81B2A /* Release */ = {
			isa = XCBuildConfiguration;
			buildSettings = {
				ASSETCATALOG_COMPILER_GLOBAL_ACCENT_COLOR_NAME = AccentColor;
				ASSETCATALOG_COMPILER_WIDGET_BACKGROUND_COLOR_NAME = WidgetBackground;
				CODE_SIGN_ENTITLEMENTS = MinesweeperWidget/MinesweeperWidget.entitlements;
				CODE_SIGN_STYLE = Automatic;
				CURRENT_PROJECT_VERSION = 1;
				DEAD_CODE_STRIPPING = YES;
				GENERATE_INFOPLIST_FILE = YES;
				INFOPLIST_FILE = MinesweeperWidget/Info.plist;
				INFOPLIST_KEY_CFBundleDisplayName = MinesweeperWidget;
				INFOPLIST_KEY_NSHumanReadableCopyright = "";
				LD_RUNPATH_SEARCH_PATHS = (
					"$(inherited)",
					"@executable_path/../Frameworks",
					"@executable_path/../../../../Frameworks",
				);
				MARKETING_VERSION = 1.0;
				PRODUCT_BUNDLE_IDENTIFIER = com.jackleow.Minesweeper.MinesweeperWidget;
				PRODUCT_NAME = "$(TARGET_NAME)";
				SKIP_INSTALL = YES;
				SWIFT_EMIT_LOC_STRINGS = YES;
				SWIFT_VERSION = 5.0;
			};
			name = Release;
		};
		0499CE222B824AE3005F53A7 /* Debug */ = {
			isa = XCBuildConfiguration;
			buildSettings = {
				ALWAYS_SEARCH_USER_PATHS = NO;
				ASSETCATALOG_COMPILER_GENERATE_SWIFT_ASSET_SYMBOL_EXTENSIONS = YES;
				CLANG_ANALYZER_NONNULL = YES;
				CLANG_ANALYZER_NUMBER_OBJECT_CONVERSION = YES_AGGRESSIVE;
				CLANG_CXX_LANGUAGE_STANDARD = "gnu++20";
				CLANG_ENABLE_MODULES = YES;
				CLANG_ENABLE_OBJC_ARC = YES;
				CLANG_ENABLE_OBJC_WEAK = YES;
				CLANG_WARN_BLOCK_CAPTURE_AUTORELEASING = YES;
				CLANG_WARN_BOOL_CONVERSION = YES;
				CLANG_WARN_COMMA = YES;
				CLANG_WARN_CONSTANT_CONVERSION = YES;
				CLANG_WARN_DEPRECATED_OBJC_IMPLEMENTATIONS = YES;
				CLANG_WARN_DIRECT_OBJC_ISA_USAGE = YES_ERROR;
				CLANG_WARN_DOCUMENTATION_COMMENTS = YES;
				CLANG_WARN_EMPTY_BODY = YES;
				CLANG_WARN_ENUM_CONVERSION = YES;
				CLANG_WARN_INFINITE_RECURSION = YES;
				CLANG_WARN_INT_CONVERSION = YES;
				CLANG_WARN_NON_LITERAL_NULL_CONVERSION = YES;
				CLANG_WARN_OBJC_IMPLICIT_RETAIN_SELF = YES;
				CLANG_WARN_OBJC_LITERAL_CONVERSION = YES;
				CLANG_WARN_OBJC_ROOT_CLASS = YES_ERROR;
				CLANG_WARN_QUOTED_INCLUDE_IN_FRAMEWORK_HEADER = YES;
				CLANG_WARN_RANGE_LOOP_ANALYSIS = YES;
				CLANG_WARN_STRICT_PROTOTYPES = YES;
				CLANG_WARN_SUSPICIOUS_MOVE = YES;
				CLANG_WARN_UNGUARDED_AVAILABILITY = YES_AGGRESSIVE;
				CLANG_WARN_UNREACHABLE_CODE = YES;
				CLANG_WARN__DUPLICATE_METHOD_MATCH = YES;
				COPY_PHASE_STRIP = NO;
				DEAD_CODE_STRIPPING = YES;
				DEBUG_INFORMATION_FORMAT = dwarf;
				ENABLE_STRICT_OBJC_MSGSEND = YES;
				ENABLE_TESTABILITY = YES;
				ENABLE_USER_SCRIPT_SANDBOXING = YES;
				GCC_C_LANGUAGE_STANDARD = gnu17;
				GCC_DYNAMIC_NO_PIC = NO;
				GCC_NO_COMMON_BLOCKS = YES;
				GCC_OPTIMIZATION_LEVEL = 0;
				GCC_PREPROCESSOR_DEFINITIONS = (
					"DEBUG=1",
					"$(inherited)",
				);
				GCC_WARN_64_TO_32_BIT_CONVERSION = YES;
				GCC_WARN_ABOUT_RETURN_TYPE = YES_ERROR;
				GCC_WARN_UNDECLARED_SELECTOR = YES;
				GCC_WARN_UNINITIALIZED_AUTOS = YES_AGGRESSIVE;
				GCC_WARN_UNUSED_FUNCTION = YES;
				GCC_WARN_UNUSED_VARIABLE = YES;
				LOCALIZATION_PREFERS_STRING_CATALOGS = YES;
				MACOSX_DEPLOYMENT_TARGET = 14.2;
				MTL_ENABLE_DEBUG_INFO = INCLUDE_SOURCE;
				MTL_FAST_MATH = YES;
				ONLY_ACTIVE_ARCH = YES;
				SDKROOT = macosx;
				SWIFT_ACTIVE_COMPILATION_CONDITIONS = "DEBUG $(inherited)";
				SWIFT_OPTIMIZATION_LEVEL = "-Onone";
			};
			name = Debug;
		};
		0499CE232B824AE3005F53A7 /* Release */ = {
			isa = XCBuildConfiguration;
			buildSettings = {
				ALWAYS_SEARCH_USER_PATHS = NO;
				ASSETCATALOG_COMPILER_GENERATE_SWIFT_ASSET_SYMBOL_EXTENSIONS = YES;
				CLANG_ANALYZER_NONNULL = YES;
				CLANG_ANALYZER_NUMBER_OBJECT_CONVERSION = YES_AGGRESSIVE;
				CLANG_CXX_LANGUAGE_STANDARD = "gnu++20";
				CLANG_ENABLE_MODULES = YES;
				CLANG_ENABLE_OBJC_ARC = YES;
				CLANG_ENABLE_OBJC_WEAK = YES;
				CLANG_WARN_BLOCK_CAPTURE_AUTORELEASING = YES;
				CLANG_WARN_BOOL_CONVERSION = YES;
				CLANG_WARN_COMMA = YES;
				CLANG_WARN_CONSTANT_CONVERSION = YES;
				CLANG_WARN_DEPRECATED_OBJC_IMPLEMENTATIONS = YES;
				CLANG_WARN_DIRECT_OBJC_ISA_USAGE = YES_ERROR;
				CLANG_WARN_DOCUMENTATION_COMMENTS = YES;
				CLANG_WARN_EMPTY_BODY = YES;
				CLANG_WARN_ENUM_CONVERSION = YES;
				CLANG_WARN_INFINITE_RECURSION = YES;
				CLANG_WARN_INT_CONVERSION = YES;
				CLANG_WARN_NON_LITERAL_NULL_CONVERSION = YES;
				CLANG_WARN_OBJC_IMPLICIT_RETAIN_SELF = YES;
				CLANG_WARN_OBJC_LITERAL_CONVERSION = YES;
				CLANG_WARN_OBJC_ROOT_CLASS = YES_ERROR;
				CLANG_WARN_QUOTED_INCLUDE_IN_FRAMEWORK_HEADER = YES;
				CLANG_WARN_RANGE_LOOP_ANALYSIS = YES;
				CLANG_WARN_STRICT_PROTOTYPES = YES;
				CLANG_WARN_SUSPICIOUS_MOVE = YES;
				CLANG_WARN_UNGUARDED_AVAILABILITY = YES_AGGRESSIVE;
				CLANG_WARN_UNREACHABLE_CODE = YES;
				CLANG_WARN__DUPLICATE_METHOD_MATCH = YES;
				COPY_PHASE_STRIP = NO;
				DEAD_CODE_STRIPPING = YES;
				DEBUG_INFORMATION_FORMAT = "dwarf-with-dsym";
				ENABLE_NS_ASSERTIONS = NO;
				ENABLE_STRICT_OBJC_MSGSEND = YES;
				ENABLE_USER_SCRIPT_SANDBOXING = YES;
				GCC_C_LANGUAGE_STANDARD = gnu17;
				GCC_NO_COMMON_BLOCKS = YES;
				GCC_WARN_64_TO_32_BIT_CONVERSION = YES;
				GCC_WARN_ABOUT_RETURN_TYPE = YES_ERROR;
				GCC_WARN_UNDECLARED_SELECTOR = YES;
				GCC_WARN_UNINITIALIZED_AUTOS = YES_AGGRESSIVE;
				GCC_WARN_UNUSED_FUNCTION = YES;
				GCC_WARN_UNUSED_VARIABLE = YES;
				LOCALIZATION_PREFERS_STRING_CATALOGS = YES;
				MACOSX_DEPLOYMENT_TARGET = 14.2;
				MTL_ENABLE_DEBUG_INFO = NO;
				MTL_FAST_MATH = YES;
				SDKROOT = macosx;
				SWIFT_COMPILATION_MODE = wholemodule;
			};
			name = Release;
		};
		0499CE252B824AE3005F53A7 /* Debug */ = {
			isa = XCBuildConfiguration;
			buildSettings = {
				ALWAYS_EMBED_SWIFT_STANDARD_LIBRARIES = YES;
				ASSETCATALOG_COMPILER_APPICON_NAME = AppIcon;
				ASSETCATALOG_COMPILER_GLOBAL_ACCENT_COLOR_NAME = AccentColor;
				CODE_SIGN_ENTITLEMENTS = Minesweeper/Minesweeper.entitlements;
				CODE_SIGN_STYLE = Automatic;
				COMBINE_HIDPI_IMAGES = YES;
				CURRENT_PROJECT_VERSION = 1;
				DEAD_CODE_STRIPPING = YES;
				DEVELOPMENT_ASSET_PATHS = "\"Minesweeper/Preview Content\"";
				ENABLE_PREVIEWS = YES;
				GENERATE_INFOPLIST_FILE = YES;
				INFOPLIST_FILE = Minesweeper/Info.plist;
				INFOPLIST_KEY_CFBundleDisplayName = "";
				INFOPLIST_KEY_LSApplicationCategoryType = "public.app-category.puzzle-games";
				INFOPLIST_KEY_NSHumanReadableCopyright = "";
				LD_RUNPATH_SEARCH_PATHS = (
					"$(inherited)",
					"@executable_path/../Frameworks",
				);
				MARKETING_VERSION = 1.0;
				PRODUCT_BUNDLE_IDENTIFIER = com.jackleow.Minesweeper;
				PRODUCT_NAME = "$(TARGET_NAME)";
				SWIFT_EMIT_LOC_STRINGS = YES;
				SWIFT_VERSION = 5.0;
			};
			name = Debug;
		};
		0499CE262B824AE3005F53A7 /* Release */ = {
			isa = XCBuildConfiguration;
			buildSettings = {
				ALWAYS_EMBED_SWIFT_STANDARD_LIBRARIES = YES;
				ASSETCATALOG_COMPILER_APPICON_NAME = AppIcon;
				ASSETCATALOG_COMPILER_GLOBAL_ACCENT_COLOR_NAME = AccentColor;
				CODE_SIGN_ENTITLEMENTS = Minesweeper/Minesweeper.entitlements;
				CODE_SIGN_STYLE = Automatic;
				COMBINE_HIDPI_IMAGES = YES;
				CURRENT_PROJECT_VERSION = 1;
				DEAD_CODE_STRIPPING = YES;
				DEVELOPMENT_ASSET_PATHS = "\"Minesweeper/Preview Content\"";
				ENABLE_PREVIEWS = YES;
				GENERATE_INFOPLIST_FILE = YES;
				INFOPLIST_FILE = Minesweeper/Info.plist;
				INFOPLIST_KEY_CFBundleDisplayName = "";
				INFOPLIST_KEY_LSApplicationCategoryType = "public.app-category.puzzle-games";
				INFOPLIST_KEY_NSHumanReadableCopyright = "";
				LD_RUNPATH_SEARCH_PATHS = (
					"$(inherited)",
					"@executable_path/../Frameworks",
				);
				MARKETING_VERSION = 1.0;
				PRODUCT_BUNDLE_IDENTIFIER = com.jackleow.Minesweeper;
				PRODUCT_NAME = "$(TARGET_NAME)";
				SWIFT_EMIT_LOC_STRINGS = YES;
				SWIFT_VERSION = 5.0;
			};
			name = Release;
		};
		0499CE282B824AE3005F53A7 /* Debug */ = {
			isa = XCBuildConfiguration;
			buildSettings = {
				ALWAYS_EMBED_SWIFT_STANDARD_LIBRARIES = YES;
				BUNDLE_LOADER = "$(TEST_HOST)";
				CODE_SIGN_STYLE = Automatic;
				CURRENT_PROJECT_VERSION = 1;
				DEAD_CODE_STRIPPING = YES;
				GENERATE_INFOPLIST_FILE = YES;
				MACOSX_DEPLOYMENT_TARGET = 14.2;
				MARKETING_VERSION = 1.0;
				PRODUCT_BUNDLE_IDENTIFIER = com.jackleow.MinesweeperTests;
				PRODUCT_NAME = "$(TARGET_NAME)";
				SWIFT_EMIT_LOC_STRINGS = NO;
				SWIFT_VERSION = 5.0;
				TEST_HOST = "$(BUILT_PRODUCTS_DIR)/Minesweeper.app/$(BUNDLE_EXECUTABLE_FOLDER_PATH)/Minesweeper";
			};
			name = Debug;
		};
		0499CE292B824AE3005F53A7 /* Release */ = {
			isa = XCBuildConfiguration;
			buildSettings = {
				ALWAYS_EMBED_SWIFT_STANDARD_LIBRARIES = YES;
				BUNDLE_LOADER = "$(TEST_HOST)";
				CODE_SIGN_STYLE = Automatic;
				CURRENT_PROJECT_VERSION = 1;
				DEAD_CODE_STRIPPING = YES;
				GENERATE_INFOPLIST_FILE = YES;
				MACOSX_DEPLOYMENT_TARGET = 14.2;
				MARKETING_VERSION = 1.0;
				PRODUCT_BUNDLE_IDENTIFIER = com.jackleow.MinesweeperTests;
				PRODUCT_NAME = "$(TARGET_NAME)";
				SWIFT_EMIT_LOC_STRINGS = NO;
				SWIFT_VERSION = 5.0;
				TEST_HOST = "$(BUILT_PRODUCTS_DIR)/Minesweeper.app/$(BUNDLE_EXECUTABLE_FOLDER_PATH)/Minesweeper";
			};
			name = Release;
		};
		0499CE2B2B824AE3005F53A7 /* Debug */ = {
			isa = XCBuildConfiguration;
			buildSettings = {
				ALWAYS_EMBED_SWIFT_STANDARD_LIBRARIES = YES;
				CODE_SIGN_STYLE = Automatic;
				CURRENT_PROJECT_VERSION = 1;
				DEAD_CODE_STRIPPING = YES;
				GENERATE_INFOPLIST_FILE = YES;
				MARKETING_VERSION = 1.0;
				PRODUCT_BUNDLE_IDENTIFIER = com.jackleow.MinesweeperUITests;
				PRODUCT_NAME = "$(TARGET_NAME)";
				SWIFT_EMIT_LOC_STRINGS = NO;
				SWIFT_VERSION = 5.0;
				TEST_TARGET_NAME = Minesweeper;
			};
			name = Debug;
		};
		0499CE2C2B824AE3005F53A7 /* Release */ = {
			isa = XCBuildConfiguration;
			buildSettings = {
				ALWAYS_EMBED_SWIFT_STANDARD_LIBRARIES = YES;
				CODE_SIGN_STYLE = Automatic;
				CURRENT_PROJECT_VERSION = 1;
				DEAD_CODE_STRIPPING = YES;
				GENERATE_INFOPLIST_FILE = YES;
				MARKETING_VERSION = 1.0;
				PRODUCT_BUNDLE_IDENTIFIER = com.jackleow.MinesweeperUITests;
				PRODUCT_NAME = "$(TARGET_NAME)";
				SWIFT_EMIT_LOC_STRINGS = NO;
				SWIFT_VERSION = 5.0;
				TEST_TARGET_NAME = Minesweeper;
			};
			name = Release;
		};
/* End XCBuildConfiguration section */

/* Begin XCConfigurationList section */
		0423115F2BF0340A008851A1 /* Build configuration list for PBXNativeTarget "MinesweeperFramework" */ = {
			isa = XCConfigurationList;
			buildConfigurations = (
				0423115B2BF0340A008851A1 /* Debug */,
				0423115C2BF0340A008851A1 /* Release */,
			);
			defaultConfigurationIsVisible = 0;
			defaultConfigurationName = Release;
		};
		042311602BF0340A008851A1 /* Build configuration list for PBXNativeTarget "MinesweeperFrameworkTests" */ = {
			isa = XCConfigurationList;
			buildConfigurations = (
				0423115D2BF0340A008851A1 /* Debug */,
				0423115E2BF0340A008851A1 /* Release */,
			);
			defaultConfigurationIsVisible = 0;
			defaultConfigurationName = Release;
		};
		0492ADE92B98094000A81B2A /* Build configuration list for PBXNativeTarget "MinesweeperWidgetExtension" */ = {
			isa = XCConfigurationList;
			buildConfigurations = (
				0492ADE72B98094000A81B2A /* Debug */,
				0492ADE82B98094000A81B2A /* Release */,
			);
			defaultConfigurationIsVisible = 0;
			defaultConfigurationName = Release;
		};
		0499CDFA2B824AE2005F53A7 /* Build configuration list for PBXProject "Minesweeper" */ = {
			isa = XCConfigurationList;
			buildConfigurations = (
				0499CE222B824AE3005F53A7 /* Debug */,
				0499CE232B824AE3005F53A7 /* Release */,
			);
			defaultConfigurationIsVisible = 0;
			defaultConfigurationName = Release;
		};
		0499CE242B824AE3005F53A7 /* Build configuration list for PBXNativeTarget "Minesweeper" */ = {
			isa = XCConfigurationList;
			buildConfigurations = (
				0499CE252B824AE3005F53A7 /* Debug */,
				0499CE262B824AE3005F53A7 /* Release */,
			);
			defaultConfigurationIsVisible = 0;
			defaultConfigurationName = Release;
		};
		0499CE272B824AE3005F53A7 /* Build configuration list for PBXNativeTarget "MinesweeperTests" */ = {
			isa = XCConfigurationList;
			buildConfigurations = (
				0499CE282B824AE3005F53A7 /* Debug */,
				0499CE292B824AE3005F53A7 /* Release */,
			);
			defaultConfigurationIsVisible = 0;
			defaultConfigurationName = Release;
		};
		0499CE2A2B824AE3005F53A7 /* Build configuration list for PBXNativeTarget "MinesweeperUITests" */ = {
			isa = XCConfigurationList;
			buildConfigurations = (
				0499CE2B2B824AE3005F53A7 /* Debug */,
				0499CE2C2B824AE3005F53A7 /* Release */,
			);
			defaultConfigurationIsVisible = 0;
			defaultConfigurationName = Release;
		};
/* End XCConfigurationList section */
	};
	rootObject = 0499CDF72B824AE2005F53A7 /* Project object */;
}
