// !$*UTF8*$!
{
	archiveVersion = 1;
	classes = {
	};
	objectVersion = 50;
	objects = {

/* Begin PBXBuildFile section */
		04AA7A6B26E31C89005A6810 /* NotificationCenter.framework in Frameworks */ = {isa = PBXBuildFile; fileRef = 04AA7A6A26E31C89005A6810 /* NotificationCenter.framework */; };
		04AA7A6E26E31C89005A6810 /* TodayViewController.swift in Sources */ = {isa = PBXBuildFile; fileRef = 04AA7A6D26E31C89005A6810 /* TodayViewController.swift */; };
		04AA7A7126E31C89005A6810 /* TodayViewController.xib in Resources */ = {isa = PBXBuildFile; fileRef = 04AA7A6F26E31C89005A6810 /* TodayViewController.xib */; };
		04AA7A7526E31C89005A6810 /* InfoPlist.strings in Resources */ = {isa = PBXBuildFile; fileRef = 04AA7A7326E31C89005A6810 /* InfoPlist.strings */; };
		04AA7A7926E31C89005A6810 /* MinesweeperProductName.appex in Embed App Extensions */ = {isa = PBXBuildFile; fileRef = 04AA7A6826E31C89005A6810 /* MinesweeperProductName.appex */; settings = {ATTRIBUTES = (RemoveHeadersOnCopy, ); }; };
		04DF1212257072A60093A96C /* AppDelegate.swift in Sources */ = {isa = PBXBuildFile; fileRef = 04DF1211257072A60093A96C /* AppDelegate.swift */; };
		04DF1214257072A60093A96C /* ViewController.swift in Sources */ = {isa = PBXBuildFile; fileRef = 04DF1213257072A60093A96C /* ViewController.swift */; };
		04DF1216257072A90093A96C /* Assets.xcassets in Resources */ = {isa = PBXBuildFile; fileRef = 04DF1215257072A80093A96C /* Assets.xcassets */; };
		04DF1219257072A90093A96C /* Main.storyboard in Resources */ = {isa = PBXBuildFile; fileRef = 04DF1217257072A90093A96C /* Main.storyboard */; };
		04DF1225257072A90093A96C /* MinesweeperTests.swift in Sources */ = {isa = PBXBuildFile; fileRef = 04DF1224257072A90093A96C /* MinesweeperTests.swift */; };
		04DF1230257072A90093A96C /* MinesweeperUITests.swift in Sources */ = {isa = PBXBuildFile; fileRef = 04DF122F257072A90093A96C /* MinesweeperUITests.swift */; };
/* End PBXBuildFile section */

/* Begin PBXContainerItemProxy section */
		04AA7A7726E31C89005A6810 /* PBXContainerItemProxy */ = {
			isa = PBXContainerItemProxy;
			containerPortal = 04DF1206257072A60093A96C /* Project object */;
			proxyType = 1;
			remoteGlobalIDString = 04AA7A6726E31C89005A6810;
			remoteInfo = MinesweeperWidget;
		};
		04DF1221257072A90093A96C /* PBXContainerItemProxy */ = {
			isa = PBXContainerItemProxy;
			containerPortal = 04DF1206257072A60093A96C /* Project object */;
			proxyType = 1;
			remoteGlobalIDString = 04DF120D257072A60093A96C;
			remoteInfo = Minesweeper;
		};
		04DF122C257072A90093A96C /* PBXContainerItemProxy */ = {
			isa = PBXContainerItemProxy;
			containerPortal = 04DF1206257072A60093A96C /* Project object */;
			proxyType = 1;
			remoteGlobalIDString = 04DF120D257072A60093A96C;
			remoteInfo = Minesweeper;
		};
/* End PBXContainerItemProxy section */

/* Begin PBXCopyFilesBuildPhase section */
		04AA7A7D26E31C89005A6810 /* Embed App Extensions */ = {
			isa = PBXCopyFilesBuildPhase;
			buildActionMask = 2147483647;
			dstPath = "";
			dstSubfolderSpec = 13;
			files = (
				04AA7A7926E31C89005A6810 /* MinesweeperProductName.appex in Embed App Extensions */,
			);
			name = "Embed App Extensions";
			runOnlyForDeploymentPostprocessing = 0;
		};
/* End PBXCopyFilesBuildPhase section */

/* Begin PBXFileReference section */
		04AA7A6826E31C89005A6810 /* MinesweeperProductName.appex */ = {isa = PBXFileReference; explicitFileType = "wrapper.app-extension"; includeInIndex = 0; path = MinesweeperProductName.appex; sourceTree = BUILT_PRODUCTS_DIR; };
		04AA7A6A26E31C89005A6810 /* NotificationCenter.framework */ = {isa = PBXFileReference; lastKnownFileType = wrapper.framework; name = NotificationCenter.framework; path = System/Library/Frameworks/NotificationCenter.framework; sourceTree = SDKROOT; };
		04AA7A6D26E31C89005A6810 /* TodayViewController.swift */ = {isa = PBXFileReference; lastKnownFileType = sourcecode.swift; path = TodayViewController.swift; sourceTree = "<group>"; };
		04AA7A7026E31C89005A6810 /* Base */ = {isa = PBXFileReference; lastKnownFileType = file.xib; name = Base; path = Base.lproj/TodayViewController.xib; sourceTree = "<group>"; };
		04AA7A7226E31C89005A6810 /* Info.plist */ = {isa = PBXFileReference; lastKnownFileType = text.plist.xml; path = Info.plist; sourceTree = "<group>"; };
		04AA7A7426E31C89005A6810 /* en */ = {isa = PBXFileReference; lastKnownFileType = text.plist.strings; name = en; path = en.lproj/InfoPlist.strings; sourceTree = "<group>"; };
		04AA7A7626E31C89005A6810 /* MinesweeperWidget.entitlements */ = {isa = PBXFileReference; lastKnownFileType = text.plist.entitlements; path = MinesweeperWidget.entitlements; sourceTree = "<group>"; };
		04DF120E257072A60093A96C /* Minesweeper.app */ = {isa = PBXFileReference; explicitFileType = wrapper.application; includeInIndex = 0; path = Minesweeper.app; sourceTree = BUILT_PRODUCTS_DIR; };
		04DF1211257072A60093A96C /* AppDelegate.swift */ = {isa = PBXFileReference; lastKnownFileType = sourcecode.swift; path = AppDelegate.swift; sourceTree = "<group>"; };
		04DF1213257072A60093A96C /* ViewController.swift */ = {isa = PBXFileReference; lastKnownFileType = sourcecode.swift; path = ViewController.swift; sourceTree = "<group>"; };
		04DF1215257072A80093A96C /* Assets.xcassets */ = {isa = PBXFileReference; lastKnownFileType = folder.assetcatalog; path = Assets.xcassets; sourceTree = "<group>"; };
		04DF1218257072A90093A96C /* Base */ = {isa = PBXFileReference; lastKnownFileType = file.storyboard; name = Base; path = Base.lproj/Main.storyboard; sourceTree = "<group>"; };
		04DF121A257072A90093A96C /* Info.plist */ = {isa = PBXFileReference; lastKnownFileType = text.plist.xml; path = Info.plist; sourceTree = "<group>"; };
		04DF121B257072A90093A96C /* Minesweeper.entitlements */ = {isa = PBXFileReference; lastKnownFileType = text.plist.entitlements; path = Minesweeper.entitlements; sourceTree = "<group>"; };
		04DF1220257072A90093A96C /* MinesweeperTests.xctest */ = {isa = PBXFileReference; explicitFileType = wrapper.cfbundle; includeInIndex = 0; path = MinesweeperTests.xctest; sourceTree = BUILT_PRODUCTS_DIR; };
		04DF1224257072A90093A96C /* MinesweeperTests.swift */ = {isa = PBXFileReference; lastKnownFileType = sourcecode.swift; path = MinesweeperTests.swift; sourceTree = "<group>"; };
		04DF1226257072A90093A96C /* Info.plist */ = {isa = PBXFileReference; lastKnownFileType = text.plist.xml; path = Info.plist; sourceTree = "<group>"; };
		04DF122B257072A90093A96C /* MinesweeperUITests.xctest */ = {isa = PBXFileReference; explicitFileType = wrapper.cfbundle; includeInIndex = 0; path = MinesweeperUITests.xctest; sourceTree = BUILT_PRODUCTS_DIR; };
		04DF122F257072A90093A96C /* MinesweeperUITests.swift */ = {isa = PBXFileReference; lastKnownFileType = sourcecode.swift; path = MinesweeperUITests.swift; sourceTree = "<group>"; };
		04DF1231257072A90093A96C /* Info.plist */ = {isa = PBXFileReference; lastKnownFileType = text.plist.xml; path = Info.plist; sourceTree = "<group>"; };
/* End PBXFileReference section */

/* Begin PBXFrameworksBuildPhase section */
		04AA7A6526E31C89005A6810 /* Frameworks */ = {
			isa = PBXFrameworksBuildPhase;
			buildActionMask = 2147483647;
			files = (
				04AA7A6B26E31C89005A6810 /* NotificationCenter.framework in Frameworks */,
			);
			runOnlyForDeploymentPostprocessing = 0;
		};
		04DF120B257072A60093A96C /* Frameworks */ = {
			isa = PBXFrameworksBuildPhase;
			buildActionMask = 2147483647;
			files = (
			);
			runOnlyForDeploymentPostprocessing = 0;
		};
		04DF121D257072A90093A96C /* Frameworks */ = {
			isa = PBXFrameworksBuildPhase;
			buildActionMask = 2147483647;
			files = (
			);
			runOnlyForDeploymentPostprocessing = 0;
		};
		04DF1228257072A90093A96C /* Frameworks */ = {
			isa = PBXFrameworksBuildPhase;
			buildActionMask = 2147483647;
			files = (
			);
			runOnlyForDeploymentPostprocessing = 0;
		};
/* End PBXFrameworksBuildPhase section */

/* Begin PBXGroup section */
		04AA7A6926E31C89005A6810 /* Frameworks */ = {
			isa = PBXGroup;
			children = (
				04AA7A6A26E31C89005A6810 /* NotificationCenter.framework */,
			);
			name = Frameworks;
			sourceTree = "<group>";
		};
		04AA7A6C26E31C89005A6810 /* MinesweeperWidget */ = {
			isa = PBXGroup;
			children = (
				04AA7A6D26E31C89005A6810 /* TodayViewController.swift */,
				04AA7A6F26E31C89005A6810 /* TodayViewController.xib */,
				04AA7A7226E31C89005A6810 /* Info.plist */,
				04AA7A7326E31C89005A6810 /* InfoPlist.strings */,
				04AA7A7626E31C89005A6810 /* MinesweeperWidget.entitlements */,
			);
			path = MinesweeperWidget;
			sourceTree = "<group>";
		};
		04DF1205257072A60093A96C = {
			isa = PBXGroup;
			children = (
				04DF1210257072A60093A96C /* Minesweeper */,
				04DF1223257072A90093A96C /* MinesweeperTests */,
				04DF122E257072A90093A96C /* MinesweeperUITests */,
				04AA7A6C26E31C89005A6810 /* MinesweeperWidget */,
				04AA7A6926E31C89005A6810 /* Frameworks */,
				04DF120F257072A60093A96C /* Products */,
			);
			sourceTree = "<group>";
		};
		04DF120F257072A60093A96C /* Products */ = {
			isa = PBXGroup;
			children = (
				04DF120E257072A60093A96C /* Minesweeper.app */,
				04DF1220257072A90093A96C /* MinesweeperTests.xctest */,
				04DF122B257072A90093A96C /* MinesweeperUITests.xctest */,
				04AA7A6826E31C89005A6810 /* MinesweeperProductName.appex */,
			);
			name = Products;
			sourceTree = "<group>";
		};
		04DF1210257072A60093A96C /* Minesweeper */ = {
			isa = PBXGroup;
			children = (
				04DF1211257072A60093A96C /* AppDelegate.swift */,
				04DF1213257072A60093A96C /* ViewController.swift */,
				04DF1215257072A80093A96C /* Assets.xcassets */,
				04DF1217257072A90093A96C /* Main.storyboard */,
				04DF121A257072A90093A96C /* Info.plist */,
				04DF121B257072A90093A96C /* Minesweeper.entitlements */,
			);
			path = Minesweeper;
			sourceTree = "<group>";
		};
		04DF1223257072A90093A96C /* MinesweeperTests */ = {
			isa = PBXGroup;
			children = (
				04DF1224257072A90093A96C /* MinesweeperTests.swift */,
				04DF1226257072A90093A96C /* Info.plist */,
			);
			path = MinesweeperTests;
			sourceTree = "<group>";
		};
		04DF122E257072A90093A96C /* MinesweeperUITests */ = {
			isa = PBXGroup;
			children = (
				04DF122F257072A90093A96C /* MinesweeperUITests.swift */,
				04DF1231257072A90093A96C /* Info.plist */,
			);
			path = MinesweeperUITests;
			sourceTree = "<group>";
		};
/* End PBXGroup section */

/* Begin PBXNativeTarget section */
		04AA7A6726E31C89005A6810 /* MinesweeperWidget */ = {
			isa = PBXNativeTarget;
			buildConfigurationList = 04AA7A7C26E31C89005A6810 /* Build configuration list for PBXNativeTarget "MinesweeperWidget" */;
			buildPhases = (
				04AA7A6426E31C89005A6810 /* Sources */,
				04AA7A6526E31C89005A6810 /* Frameworks */,
				04AA7A6626E31C89005A6810 /* Resources */,
			);
			buildRules = (
			);
			dependencies = (
			);
			name = MinesweeperWidget;
			productName = MinesweeperWidget;
			productReference = 04AA7A6826E31C89005A6810 /* MinesweeperProductName.appex */;
			productType = "com.apple.product-type.app-extension";
		};
		04DF120D257072A60093A96C /* Minesweeper */ = {
			isa = PBXNativeTarget;
			buildConfigurationList = 04DF1234257072A90093A96C /* Build configuration list for PBXNativeTarget "Minesweeper" */;
			buildPhases = (
				04DF120A257072A60093A96C /* Sources */,
				04DF120B257072A60093A96C /* Frameworks */,
				04DF120C257072A60093A96C /* Resources */,
				04AA7A7D26E31C89005A6810 /* Embed App Extensions */,
			);
			buildRules = (
			);
			dependencies = (
				04AA7A7826E31C89005A6810 /* PBXTargetDependency */,
			);
			name = Minesweeper;
			productName = Minesweeper;
			productReference = 04DF120E257072A60093A96C /* Minesweeper.app */;
			productType = "com.apple.product-type.application";
		};
		04DF121F257072A90093A96C /* MinesweeperTests */ = {
			isa = PBXNativeTarget;
			buildConfigurationList = 04DF1237257072A90093A96C /* Build configuration list for PBXNativeTarget "MinesweeperTests" */;
			buildPhases = (
				04DF121C257072A90093A96C /* Sources */,
				04DF121D257072A90093A96C /* Frameworks */,
				04DF121E257072A90093A96C /* Resources */,
			);
			buildRules = (
			);
			dependencies = (
				04DF1222257072A90093A96C /* PBXTargetDependency */,
			);
			name = MinesweeperTests;
			productName = MinesweeperTests;
			productReference = 04DF1220257072A90093A96C /* MinesweeperTests.xctest */;
			productType = "com.apple.product-type.bundle.unit-test";
		};
		04DF122A257072A90093A96C /* MinesweeperUITests */ = {
			isa = PBXNativeTarget;
			buildConfigurationList = 04DF123A257072A90093A96C /* Build configuration list for PBXNativeTarget "MinesweeperUITests" */;
			buildPhases = (
				04DF1227257072A90093A96C /* Sources */,
				04DF1228257072A90093A96C /* Frameworks */,
				04DF1229257072A90093A96C /* Resources */,
			);
			buildRules = (
			);
			dependencies = (
				04DF122D257072A90093A96C /* PBXTargetDependency */,
			);
			name = MinesweeperUITests;
			productName = MinesweeperUITests;
			productReference = 04DF122B257072A90093A96C /* MinesweeperUITests.xctest */;
			productType = "com.apple.product-type.bundle.ui-testing";
		};
/* End PBXNativeTarget section */

/* Begin PBXProject section */
		04DF1206257072A60093A96C /* Project object */ = {
			isa = PBXProject;
			attributes = {
				LastSwiftUpdateCheck = 1020;
				LastUpgradeCheck = 1130;
				ORGANIZATIONNAME = "Jack Leow";
				TargetAttributes = {
					04AA7A6726E31C89005A6810 = {
						CreatedOnToolsVersion = 10.2.1;
					};
					04DF120D257072A60093A96C = {
						CreatedOnToolsVersion = 10.2.1;
					};
					04DF121F257072A90093A96C = {
						CreatedOnToolsVersion = 10.2.1;
						TestTargetID = 04DF120D257072A60093A96C;
					};
					04DF122A257072A90093A96C = {
						CreatedOnToolsVersion = 10.2.1;
						TestTargetID = 04DF120D257072A60093A96C;
					};
				};
			};
			buildConfigurationList = 04DF1209257072A60093A96C /* Build configuration list for PBXProject "Minesweeper" */;
			compatibilityVersion = "Xcode 9.3";
			developmentRegion = en;
			hasScannedForEncodings = 0;
			knownRegions = (
				en,
				Base,
			);
			mainGroup = 04DF1205257072A60093A96C;
			productRefGroup = 04DF120F257072A60093A96C /* Products */;
			projectDirPath = "";
			projectRoot = "";
			targets = (
				04DF120D257072A60093A96C /* Minesweeper */,
				04DF121F257072A90093A96C /* MinesweeperTests */,
				04DF122A257072A90093A96C /* MinesweeperUITests */,
				04AA7A6726E31C89005A6810 /* MinesweeperWidget */,
			);
		};
/* End PBXProject section */

/* Begin PBXResourcesBuildPhase section */
		04AA7A6626E31C89005A6810 /* Resources */ = {
			isa = PBXResourcesBuildPhase;
			buildActionMask = 2147483647;
			files = (
				04AA7A7126E31C89005A6810 /* TodayViewController.xib in Resources */,
				04AA7A7526E31C89005A6810 /* InfoPlist.strings in Resources */,
			);
			runOnlyForDeploymentPostprocessing = 0;
		};
		04DF120C257072A60093A96C /* Resources */ = {
			isa = PBXResourcesBuildPhase;
			buildActionMask = 2147483647;
			files = (
				04DF1216257072A90093A96C /* Assets.xcassets in Resources */,
				04DF1219257072A90093A96C /* Main.storyboard in Resources */,
			);
			runOnlyForDeploymentPostprocessing = 0;
		};
		04DF121E257072A90093A96C /* Resources */ = {
			isa = PBXResourcesBuildPhase;
			buildActionMask = 2147483647;
			files = (
			);
			runOnlyForDeploymentPostprocessing = 0;
		};
		04DF1229257072A90093A96C /* Resources */ = {
			isa = PBXResourcesBuildPhase;
			buildActionMask = 2147483647;
			files = (
			);
			runOnlyForDeploymentPostprocessing = 0;
		};
/* End PBXResourcesBuildPhase section */

/* Begin PBXSourcesBuildPhase section */
		04AA7A6426E31C89005A6810 /* Sources */ = {
			isa = PBXSourcesBuildPhase;
			buildActionMask = 2147483647;
			files = (
				04AA7A6E26E31C89005A6810 /* TodayViewController.swift in Sources */,
			);
			runOnlyForDeploymentPostprocessing = 0;
		};
		04DF120A257072A60093A96C /* Sources */ = {
			isa = PBXSourcesBuildPhase;
			buildActionMask = 2147483647;
			files = (
				04DF1214257072A60093A96C /* ViewController.swift in Sources */,
				04DF1212257072A60093A96C /* AppDelegate.swift in Sources */,
			);
			runOnlyForDeploymentPostprocessing = 0;
		};
		04DF121C257072A90093A96C /* Sources */ = {
			isa = PBXSourcesBuildPhase;
			buildActionMask = 2147483647;
			files = (
				04DF1225257072A90093A96C /* MinesweeperTests.swift in Sources */,
			);
			runOnlyForDeploymentPostprocessing = 0;
		};
		04DF1227257072A90093A96C /* Sources */ = {
			isa = PBXSourcesBuildPhase;
			buildActionMask = 2147483647;
			files = (
				04DF1230257072A90093A96C /* MinesweeperUITests.swift in Sources */,
			);
			runOnlyForDeploymentPostprocessing = 0;
		};
/* End PBXSourcesBuildPhase section */

/* Begin PBXTargetDependency section */
		04AA7A7826E31C89005A6810 /* PBXTargetDependency */ = {
			isa = PBXTargetDependency;
			target = 04AA7A6726E31C89005A6810 /* MinesweeperWidget */;
			targetProxy = 04AA7A7726E31C89005A6810 /* PBXContainerItemProxy */;
		};
		04DF1222257072A90093A96C /* PBXTargetDependency */ = {
			isa = PBXTargetDependency;
			target = 04DF120D257072A60093A96C /* Minesweeper */;
			targetProxy = 04DF1221257072A90093A96C /* PBXContainerItemProxy */;
		};
		04DF122D257072A90093A96C /* PBXTargetDependency */ = {
			isa = PBXTargetDependency;
			target = 04DF120D257072A60093A96C /* Minesweeper */;
			targetProxy = 04DF122C257072A90093A96C /* PBXContainerItemProxy */;
		};
/* End PBXTargetDependency section */

/* Begin PBXVariantGroup section */
		04AA7A6F26E31C89005A6810 /* TodayViewController.xib */ = {
			isa = PBXVariantGroup;
			children = (
				04AA7A7026E31C89005A6810 /* Base */,
			);
			name = TodayViewController.xib;
			sourceTree = "<group>";
		};
		04AA7A7326E31C89005A6810 /* InfoPlist.strings */ = {
			isa = PBXVariantGroup;
			children = (
				04AA7A7426E31C89005A6810 /* en */,
			);
			name = InfoPlist.strings;
			sourceTree = "<group>";
		};
		04DF1217257072A90093A96C /* Main.storyboard */ = {
			isa = PBXVariantGroup;
			children = (
				04DF1218257072A90093A96C /* Base */,
			);
			name = Main.storyboard;
			sourceTree = "<group>";
		};
/* End PBXVariantGroup section */

/* Begin XCBuildConfiguration section */
		04AA7A7A26E31C89005A6810 /* Debug */ = {
			isa = XCBuildConfiguration;
			buildSettings = {
				CODE_SIGN_ENTITLEMENTS = MinesweeperWidget/MinesweeperWidget.entitlements;
				CODE_SIGN_IDENTITY = "-";
				CODE_SIGN_STYLE = Automatic;
				COMBINE_HIDPI_IMAGES = YES;
				INFOPLIST_FILE = MinesweeperWidget/Info.plist;
				LD_RUNPATH_SEARCH_PATHS = (
					"$(inherited)",
					"@executable_path/../Frameworks",
					"@executable_path/../../../../Frameworks",
				);
				PRODUCT_BUNDLE_IDENTIFIER = my.edu.clhs.Minesweeper.MinesweeperWidget;
				PRODUCT_NAME = MinesweeperProductName;
				SKIP_INSTALL = YES;
				SWIFT_VERSION = 5.0;
			};
			name = Debug;
		};
		04AA7A7B26E31C89005A6810 /* Release */ = {
			isa = XCBuildConfiguration;
			buildSettings = {
				CODE_SIGN_ENTITLEMENTS = MinesweeperWidget/MinesweeperWidget.entitlements;
				CODE_SIGN_IDENTITY = "-";
				CODE_SIGN_STYLE = Automatic;
				COMBINE_HIDPI_IMAGES = YES;
				INFOPLIST_FILE = MinesweeperWidget/Info.plist;
				LD_RUNPATH_SEARCH_PATHS = (
					"$(inherited)",
					"@executable_path/../Frameworks",
					"@executable_path/../../../../Frameworks",
				);
				PRODUCT_BUNDLE_IDENTIFIER = my.edu.clhs.Minesweeper.MinesweeperWidget;
				PRODUCT_NAME = MinesweeperProductName;
				SKIP_INSTALL = YES;
				SWIFT_VERSION = 5.0;
			};
			name = Release;
		};
		04DF1232257072A90093A96C /* Debug */ = {
			isa = XCBuildConfiguration;
			buildSettings = {
				ALWAYS_SEARCH_USER_PATHS = NO;
				CLANG_ANALYZER_NONNULL = YES;
				CLANG_ANALYZER_NUMBER_OBJECT_CONVERSION = YES_AGGRESSIVE;
				CLANG_CXX_LANGUAGE_STANDARD = "gnu++14";
				CLANG_CXX_LIBRARY = "libc++";
				CLANG_ENABLE_MODULES = YES;
				CLANG_ENABLE_OBJC_ARC = YES;
				CLANG_ENABLE_OBJC_WEAK = YES;
				CLANG_WARN_BLOCK_CAPTURE_AUTORELEASING = YES;
				CLANG_WARN_BOOL_CONVERSION = YES;
				CLANG_WARN_COMMA = YES;
				CLANG_WARN_CONSTANT_CONVERSION = YES;
				CLANG_WARN_DEPRECATED_OBJC_IMPLEMENTATIONS = YES;
				CLANG_WARN_DIRECT_OBJC_ISA_USAGE = YES_ERROR;
				CLANG_WARN_DOCUMENTATION_COMMENTS = YES;
				CLANG_WARN_EMPTY_BODY = YES;
				CLANG_WARN_ENUM_CONVERSION = YES;
				CLANG_WARN_INFINITE_RECURSION = YES;
				CLANG_WARN_INT_CONVERSION = YES;
				CLANG_WARN_NON_LITERAL_NULL_CONVERSION = YES;
				CLANG_WARN_OBJC_IMPLICIT_RETAIN_SELF = YES;
				CLANG_WARN_OBJC_LITERAL_CONVERSION = YES;
				CLANG_WARN_OBJC_ROOT_CLASS = YES_ERROR;
				CLANG_WARN_RANGE_LOOP_ANALYSIS = YES;
				CLANG_WARN_STRICT_PROTOTYPES = YES;
				CLANG_WARN_SUSPICIOUS_MOVE = YES;
				CLANG_WARN_UNGUARDED_AVAILABILITY = YES_AGGRESSIVE;
				CLANG_WARN_UNREACHABLE_CODE = YES;
				CLANG_WARN__DUPLICATE_METHOD_MATCH = YES;
				CODE_SIGN_IDENTITY = "-";
				COPY_PHASE_STRIP = NO;
				DEBUG_INFORMATION_FORMAT = dwarf;
				ENABLE_STRICT_OBJC_MSGSEND = YES;
				ENABLE_TESTABILITY = YES;
				GCC_C_LANGUAGE_STANDARD = gnu11;
				GCC_DYNAMIC_NO_PIC = NO;
				GCC_NO_COMMON_BLOCKS = YES;
				GCC_OPTIMIZATION_LEVEL = 0;
				GCC_PREPROCESSOR_DEFINITIONS = (
					"DEBUG=1",
					"$(inherited)",
				);
				GCC_WARN_64_TO_32_BIT_CONVERSION = YES;
				GCC_WARN_ABOUT_RETURN_TYPE = YES_ERROR;
				GCC_WARN_UNDECLARED_SELECTOR = YES;
				GCC_WARN_UNINITIALIZED_AUTOS = YES_AGGRESSIVE;
				GCC_WARN_UNUSED_FUNCTION = YES;
				GCC_WARN_UNUSED_VARIABLE = YES;
				MACOSX_DEPLOYMENT_TARGET = 10.14;
				MTL_ENABLE_DEBUG_INFO = INCLUDE_SOURCE;
				MTL_FAST_MATH = YES;
				ONLY_ACTIVE_ARCH = YES;
				SDKROOT = macosx;
				SWIFT_ACTIVE_COMPILATION_CONDITIONS = DEBUG;
				SWIFT_OPTIMIZATION_LEVEL = "-Onone";
			};
			name = Debug;
		};
		04DF1233257072A90093A96C /* Release */ = {
			isa = XCBuildConfiguration;
			buildSettings = {
				ALWAYS_SEARCH_USER_PATHS = NO;
				CLANG_ANALYZER_NONNULL = YES;
				CLANG_ANALYZER_NUMBER_OBJECT_CONVERSION = YES_AGGRESSIVE;
				CLANG_CXX_LANGUAGE_STANDARD = "gnu++14";
				CLANG_CXX_LIBRARY = "libc++";
				CLANG_ENABLE_MODULES = YES;
				CLANG_ENABLE_OBJC_ARC = YES;
				CLANG_ENABLE_OBJC_WEAK = YES;
				CLANG_WARN_BLOCK_CAPTURE_AUTORELEASING = YES;
				CLANG_WARN_BOOL_CONVERSION = YES;
				CLANG_WARN_COMMA = YES;
				CLANG_WARN_CONSTANT_CONVERSION = YES;
				CLANG_WARN_DEPRECATED_OBJC_IMPLEMENTATIONS = YES;
				CLANG_WARN_DIRECT_OBJC_ISA_USAGE = YES_ERROR;
				CLANG_WARN_DOCUMENTATION_COMMENTS = YES;
				CLANG_WARN_EMPTY_BODY = YES;
				CLANG_WARN_ENUM_CONVERSION = YES;
				CLANG_WARN_INFINITE_RECURSION = YES;
				CLANG_WARN_INT_CONVERSION = YES;
				CLANG_WARN_NON_LITERAL_NULL_CONVERSION = YES;
				CLANG_WARN_OBJC_IMPLICIT_RETAIN_SELF = YES;
				CLANG_WARN_OBJC_LITERAL_CONVERSION = YES;
				CLANG_WARN_OBJC_ROOT_CLASS = YES_ERROR;
				CLANG_WARN_RANGE_LOOP_ANALYSIS = YES;
				CLANG_WARN_STRICT_PROTOTYPES = YES;
				CLANG_WARN_SUSPICIOUS_MOVE = YES;
				CLANG_WARN_UNGUARDED_AVAILABILITY = YES_AGGRESSIVE;
				CLANG_WARN_UNREACHABLE_CODE = YES;
				CLANG_WARN__DUPLICATE_METHOD_MATCH = YES;
				CODE_SIGN_IDENTITY = "-";
				COPY_PHASE_STRIP = NO;
				DEBUG_INFORMATION_FORMAT = "dwarf-with-dsym";
				ENABLE_NS_ASSERTIONS = NO;
				ENABLE_STRICT_OBJC_MSGSEND = YES;
				GCC_C_LANGUAGE_STANDARD = gnu11;
				GCC_NO_COMMON_BLOCKS = YES;
				GCC_WARN_64_TO_32_BIT_CONVERSION = YES;
				GCC_WARN_ABOUT_RETURN_TYPE = YES_ERROR;
				GCC_WARN_UNDECLARED_SELECTOR = YES;
				GCC_WARN_UNINITIALIZED_AUTOS = YES_AGGRESSIVE;
				GCC_WARN_UNUSED_FUNCTION = YES;
				GCC_WARN_UNUSED_VARIABLE = YES;
				MACOSX_DEPLOYMENT_TARGET = 10.14;
				MTL_ENABLE_DEBUG_INFO = NO;
				MTL_FAST_MATH = YES;
				SDKROOT = macosx;
				SWIFT_COMPILATION_MODE = wholemodule;
				SWIFT_OPTIMIZATION_LEVEL = "-O";
			};
			name = Release;
		};
		04DF1235257072A90093A96C /* Debug */ = {
			isa = XCBuildConfiguration;
			buildSettings = {
				ALWAYS_EMBED_SWIFT_STANDARD_LIBRARIES = YES;
				ASSETCATALOG_COMPILER_APPICON_NAME = AppIcon;
				CODE_SIGN_ENTITLEMENTS = Minesweeper/Minesweeper.entitlements;
				CODE_SIGN_IDENTITY = "-";
				CODE_SIGN_STYLE = Automatic;
				COMBINE_HIDPI_IMAGES = YES;
				INFOPLIST_FILE = Minesweeper/Info.plist;
				LD_RUNPATH_SEARCH_PATHS = (
					"$(inherited)",
					"@executable_path/../Frameworks",
				);
				PRODUCT_BUNDLE_IDENTIFIER = my.edu.clhs.Minesweeper;
				PRODUCT_NAME = "$(TARGET_NAME)";
				SWIFT_VERSION = 5.0;
			};
			name = Debug;
		};
		04DF1236257072A90093A96C /* Release */ = {
			isa = XCBuildConfiguration;
			buildSettings = {
				ALWAYS_EMBED_SWIFT_STANDARD_LIBRARIES = YES;
				ASSETCATALOG_COMPILER_APPICON_NAME = AppIcon;
				CODE_SIGN_ENTITLEMENTS = Minesweeper/Minesweeper.entitlements;
				CODE_SIGN_IDENTITY = "-";
				CODE_SIGN_STYLE = Automatic;
				COMBINE_HIDPI_IMAGES = YES;
				INFOPLIST_FILE = Minesweeper/Info.plist;
				LD_RUNPATH_SEARCH_PATHS = (
					"$(inherited)",
					"@executable_path/../Frameworks",
				);
				PRODUCT_BUNDLE_IDENTIFIER = my.edu.clhs.Minesweeper;
				PRODUCT_NAME = "$(TARGET_NAME)";
				SWIFT_VERSION = 5.0;
			};
			name = Release;
		};
		04DF1238257072A90093A96C /* Debug */ = {
			isa = XCBuildConfiguration;
			buildSettings = {
				ALWAYS_EMBED_SWIFT_STANDARD_LIBRARIES = YES;
				BUNDLE_LOADER = "$(TEST_HOST)";
				CODE_SIGN_STYLE = Automatic;
				COMBINE_HIDPI_IMAGES = YES;
				INFOPLIST_FILE = MinesweeperTests/Info.plist;
				LD_RUNPATH_SEARCH_PATHS = (
					"$(inherited)",
					"@executable_path/../Frameworks",
					"@loader_path/../Frameworks",
				);
				PRODUCT_BUNDLE_IDENTIFIER = my.edu.clhs.MinesweeperTests;
				PRODUCT_NAME = "$(TARGET_NAME)";
				SWIFT_VERSION = 5.0;
				TEST_HOST = "$(BUILT_PRODUCTS_DIR)/Minesweeper.app/Contents/MacOS/Minesweeper";
			};
			name = Debug;
		};
		04DF1239257072A90093A96C /* Release */ = {
			isa = XCBuildConfiguration;
			buildSettings = {
				ALWAYS_EMBED_SWIFT_STANDARD_LIBRARIES = YES;
				BUNDLE_LOADER = "$(TEST_HOST)";
				CODE_SIGN_STYLE = Automatic;
				COMBINE_HIDPI_IMAGES = YES;
				INFOPLIST_FILE = MinesweeperTests/Info.plist;
				LD_RUNPATH_SEARCH_PATHS = (
					"$(inherited)",
					"@executable_path/../Frameworks",
					"@loader_path/../Frameworks",
				);
				PRODUCT_BUNDLE_IDENTIFIER = my.edu.clhs.MinesweeperTests;
				PRODUCT_NAME = "$(TARGET_NAME)";
				SWIFT_VERSION = 5.0;
				TEST_HOST = "$(BUILT_PRODUCTS_DIR)/Minesweeper.app/Contents/MacOS/Minesweeper";
			};
			name = Release;
		};
		04DF123B257072A90093A96C /* Debug */ = {
			isa = XCBuildConfiguration;
			buildSettings = {
				ALWAYS_EMBED_SWIFT_STANDARD_LIBRARIES = YES;
				CODE_SIGN_STYLE = Automatic;
				COMBINE_HIDPI_IMAGES = YES;
				INFOPLIST_FILE = MinesweeperUITests/Info.plist;
				LD_RUNPATH_SEARCH_PATHS = (
					"$(inherited)",
					"@executable_path/../Frameworks",
					"@loader_path/../Frameworks",
				);
				PRODUCT_BUNDLE_IDENTIFIER = my.edu.clhs.MinesweeperUITests;
				PRODUCT_NAME = "$(TARGET_NAME)";
				SWIFT_VERSION = 5.0;
				TEST_TARGET_NAME = Minesweeper;
			};
			name = Debug;
		};
		04DF123C257072A90093A96C /* Release */ = {
			isa = XCBuildConfiguration;
			buildSettings = {
				ALWAYS_EMBED_SWIFT_STANDARD_LIBRARIES = YES;
				CODE_SIGN_STYLE = Automatic;
				COMBINE_HIDPI_IMAGES = YES;
				INFOPLIST_FILE = MinesweeperUITests/Info.plist;
				LD_RUNPATH_SEARCH_PATHS = (
					"$(inherited)",
					"@executable_path/../Frameworks",
					"@loader_path/../Frameworks",
				);
				PRODUCT_BUNDLE_IDENTIFIER = my.edu.clhs.MinesweeperUITests;
				PRODUCT_NAME = "$(TARGET_NAME)";
				SWIFT_VERSION = 5.0;
				TEST_TARGET_NAME = Minesweeper;
			};
			name = Release;
		};
/* End XCBuildConfiguration section */

/* Begin XCConfigurationList section */
		04AA7A7C26E31C89005A6810 /* Build configuration list for PBXNativeTarget "MinesweeperWidget" */ = {
			isa = XCConfigurationList;
			buildConfigurations = (
				04AA7A7A26E31C89005A6810 /* Debug */,
				04AA7A7B26E31C89005A6810 /* Release */,
			);
			defaultConfigurationIsVisible = 0;
			defaultConfigurationName = Release;
		};
		04DF1209257072A60093A96C /* Build configuration list for PBXProject "Minesweeper" */ = {
			isa = XCConfigurationList;
			buildConfigurations = (
				04DF1232257072A90093A96C /* Debug */,
				04DF1233257072A90093A96C /* Release */,
			);
			defaultConfigurationIsVisible = 0;
			defaultConfigurationName = Release;
		};
		04DF1234257072A90093A96C /* Build configuration list for PBXNativeTarget "Minesweeper" */ = {
			isa = XCConfigurationList;
			buildConfigurations = (
				04DF1235257072A90093A96C /* Debug */,
				04DF1236257072A90093A96C /* Release */,
			);
			defaultConfigurationIsVisible = 0;
			defaultConfigurationName = Release;
		};
		04DF1237257072A90093A96C /* Build configuration list for PBXNativeTarget "MinesweeperTests" */ = {
			isa = XCConfigurationList;
			buildConfigurations = (
				04DF1238257072A90093A96C /* Debug */,
				04DF1239257072A90093A96C /* Release */,
			);
			defaultConfigurationIsVisible = 0;
			defaultConfigurationName = Release;
		};
		04DF123A257072A90093A96C /* Build configuration list for PBXNativeTarget "MinesweeperUITests" */ = {
			isa = XCConfigurationList;
			buildConfigurations = (
				04DF123B257072A90093A96C /* Debug */,
				04DF123C257072A90093A96C /* Release */,
			);
			defaultConfigurationIsVisible = 0;
			defaultConfigurationName = Release;
		};
/* End XCConfigurationList section */
	};
	rootObject = 04DF1206257072A60093A96C /* Project object */;
}
